// !$*UTF8*$!
{
	archiveVersion = 1;
	classes = {
	};
	objectVersion = 46;
	objects = {

/* Begin PBXBuildFile section */
		55050A8F662C47629541D5EC /* libPods.a in Frameworks */ = {isa = PBXBuildFile; fileRef = 1EE4F4D75D23F321C268B6AF /* libPods.a */; };
		90053CA81A0991610059A7BF /* MessageMapPin.m in Sources */ = {isa = PBXBuildFile; fileRef = 90053CA71A0991610059A7BF /* MessageMapPin.m */; };
		901739031A09408B00741F55 /* BirdTableViewController.m in Sources */ = {isa = PBXBuildFile; fileRef = 901739021A09408B00741F55 /* BirdTableViewController.m */; };
		90549CB31A0C04B400FCFB53 /* SentMessageTableViewCell.m in Sources */ = {isa = PBXBuildFile; fileRef = 90549CB21A0C04B400FCFB53 /* SentMessageTableViewCell.m */; };
		9060BC4C1A08086C00935D41 /* SentViewController.m in Sources */ = {isa = PBXBuildFile; fileRef = 9060BC4B1A08086C00935D41 /* SentViewController.m */; };
		9060BC4F1A0808E200935D41 /* MapAndListMessageView.m in Sources */ = {isa = PBXBuildFile; fileRef = 9060BC4E1A0808E200935D41 /* MapAndListMessageView.m */; };
		9082A3D41A08338B00488DE8 /* BirdCarrier.m in Sources */ = {isa = PBXBuildFile; fileRef = 9082A3D11A08338B00488DE8 /* BirdCarrier.m */; };
		9082A3D51A08338B00488DE8 /* CommsLogin.m in Sources */ = {isa = PBXBuildFile; fileRef = 9082A3D31A08338B00488DE8 /* CommsLogin.m */; };
		909498A51A0AA842001C6D53 /* MapKit.framework in Frameworks */ = {isa = PBXBuildFile; fileRef = 909498A41A0AA842001C6D53 /* MapKit.framework */; };
		909498A71A0AB231001C6D53 /* PodFile in Resources */ = {isa = PBXBuildFile; fileRef = 909498A61A0AB231001C6D53 /* PodFile */; };
		909CD4641A0976F5007B7A39 /* SendToFriendTableViewController.m in Sources */ = {isa = PBXBuildFile; fileRef = 909CD4631A0976F5007B7A39 /* SendToFriendTableViewController.m */; };
		991E93981A0C162700CD5C17 /* SignupViewController.m in Sources */ = {isa = PBXBuildFile; fileRef = 991E93971A0C162700CD5C17 /* SignupViewController.m */; };
		998C18771A0AE57F00A6ED2D /* cam.png in Resources */ = {isa = PBXBuildFile; fileRef = 998C18761A0AE57F00A6ED2D /* cam.png */; };
		998C18791A0AEC5300A6ED2D /* gotpic.png in Resources */ = {isa = PBXBuildFile; fileRef = 998C18781A0AEC5300A6ED2D /* gotpic.png */; };
		998C187C1A0AECED00A6ED2D /* GotPictureViewController.m in Sources */ = {isa = PBXBuildFile; fileRef = 998C187B1A0AECED00A6ED2D /* GotPictureViewController.m */; };
		998C187E1A0AF56E00A6ED2D /* nopic.png in Resources */ = {isa = PBXBuildFile; fileRef = 998C187D1A0AF56E00A6ED2D /* nopic.png */; };
		998C18811A0B0DEA00A6ED2D /* EditProfileViewController.m in Sources */ = {isa = PBXBuildFile; fileRef = 99986D9B1A0731D5001AA353 /* EditProfileViewController.m */; };
		99986D4C1A06F16C001AA353 /* main.m in Sources */ = {isa = PBXBuildFile; fileRef = 99986D4B1A06F16C001AA353 /* main.m */; };
		99986D4F1A06F16C001AA353 /* AppDelegate.m in Sources */ = {isa = PBXBuildFile; fileRef = 99986D4E1A06F16C001AA353 /* AppDelegate.m */; };
		99986D551A06F16C001AA353 /* Main.storyboard in Resources */ = {isa = PBXBuildFile; fileRef = 99986D531A06F16C001AA353 /* Main.storyboard */; };
		99986D571A06F16C001AA353 /* Images.xcassets in Resources */ = {isa = PBXBuildFile; fileRef = 99986D561A06F16C001AA353 /* Images.xcassets */; };
		99986D5A1A06F16C001AA353 /* LaunchScreen.xib in Resources */ = {isa = PBXBuildFile; fileRef = 99986D581A06F16C001AA353 /* LaunchScreen.xib */; };
		99986D661A06F16C001AA353 /* SendABirdTests.m in Sources */ = {isa = PBXBuildFile; fileRef = 99986D651A06F16C001AA353 /* SendABirdTests.m */; };
		99986D711A0707E2001AA353 /* InboxViewController.m in Sources */ = {isa = PBXBuildFile; fileRef = 99986D701A0707E2001AA353 /* InboxViewController.m */; };
		99986D771A071C04001AA353 /* Parse.framework in Frameworks */ = {isa = PBXBuildFile; fileRef = 99986D741A071C04001AA353 /* Parse.framework */; };
		99986D781A071C04001AA353 /* ParseFacebookUtils.framework in Frameworks */ = {isa = PBXBuildFile; fileRef = 99986D751A071C04001AA353 /* ParseFacebookUtils.framework */; };
		99986D7B1A071C43001AA353 /* AudioToolbox.framework in Frameworks */ = {isa = PBXBuildFile; fileRef = 99986D7A1A071C43001AA353 /* AudioToolbox.framework */; };
		99986D7D1A071C4A001AA353 /* CFNetwork.framework in Frameworks */ = {isa = PBXBuildFile; fileRef = 99986D7C1A071C4A001AA353 /* CFNetwork.framework */; };
		99986D7F1A071C51001AA353 /* CoreGraphics.framework in Frameworks */ = {isa = PBXBuildFile; fileRef = 99986D7E1A071C51001AA353 /* CoreGraphics.framework */; };
		99986D811A071C57001AA353 /* CoreLocation.framework in Frameworks */ = {isa = PBXBuildFile; fileRef = 99986D801A071C57001AA353 /* CoreLocation.framework */; };
		99986D831A071C5F001AA353 /* libz.1.1.3.dylib in Frameworks */ = {isa = PBXBuildFile; fileRef = 99986D821A071C5F001AA353 /* libz.1.1.3.dylib */; };
		99986D851A071C65001AA353 /* MobileCoreServices.framework in Frameworks */ = {isa = PBXBuildFile; fileRef = 99986D841A071C65001AA353 /* MobileCoreServices.framework */; };
		99986D871A071C6C001AA353 /* QuartzCore.framework in Frameworks */ = {isa = PBXBuildFile; fileRef = 99986D861A071C6C001AA353 /* QuartzCore.framework */; };
		99986D891A071C72001AA353 /* Security.framework in Frameworks */ = {isa = PBXBuildFile; fileRef = 99986D881A071C72001AA353 /* Security.framework */; };
		99986D8B1A071C78001AA353 /* StoreKit.framework in Frameworks */ = {isa = PBXBuildFile; fileRef = 99986D8A1A071C78001AA353 /* StoreKit.framework */; };
		99986D8D1A071C80001AA353 /* SystemConfiguration.framework in Frameworks */ = {isa = PBXBuildFile; fileRef = 99986D8C1A071C80001AA353 /* SystemConfiguration.framework */; };
		99986D8F1A071CBF001AA353 /* Foundation.framework in Frameworks */ = {isa = PBXBuildFile; fileRef = 99986D8E1A071CBF001AA353 /* Foundation.framework */; };
		99986D911A071CCD001AA353 /* UIKit.framework in Frameworks */ = {isa = PBXBuildFile; fileRef = 99986D901A071CCD001AA353 /* UIKit.framework */; };
		99986D931A071D5B001AA353 /* libz.dylib in Frameworks */ = {isa = PBXBuildFile; fileRef = 99986D921A071D5B001AA353 /* libz.dylib */; };
		99986D961A071F56001AA353 /* LoginViewController.m in Sources */ = {isa = PBXBuildFile; fileRef = 99986D951A071F56001AA353 /* LoginViewController.m */; };
		99986D9F1A07558B001AA353 /* AddFriendViewController.m in Sources */ = {isa = PBXBuildFile; fileRef = 99986D9E1A07558B001AA353 /* AddFriendViewController.m */; };
		99986DA51A07680E001AA353 /* SearchFriendCell.m in Sources */ = {isa = PBXBuildFile; fileRef = 99986DA41A07680E001AA353 /* SearchFriendCell.m */; };
		99986DA81A07F00B001AA353 /* ComposeViewController.m in Sources */ = {isa = PBXBuildFile; fileRef = 99986DA71A07F00B001AA353 /* ComposeViewController.m */; };
		99C564FC1A08513B0082549E /* FriendsViewController.m in Sources */ = {isa = PBXBuildFile; fileRef = 99C564FB1A08513B0082549E /* FriendsViewController.m */; };
		99C564FE1A08534C0082549E /* FacebookSDK.framework in Frameworks */ = {isa = PBXBuildFile; fileRef = 99C564FD1A08534C0082549E /* FacebookSDK.framework */; };
		99C565011A085AFD0082549E /* SABTabBarController.m in Sources */ = {isa = PBXBuildFile; fileRef = 99C565001A085AFD0082549E /* SABTabBarController.m */; };
		99C565051A08729F0082549E /* FriendsStoryboard.storyboard in Resources */ = {isa = PBXBuildFile; fileRef = 99C565041A08729F0082549E /* FriendsStoryboard.storyboard */; };
		99C565091A0872B10082549E /* SentStoryboard.storyboard in Resources */ = {isa = PBXBuildFile; fileRef = 99C565081A0872B10082549E /* SentStoryboard.storyboard */; };
		99C5650B1A0872B90082549E /* ProfileStoryboard.storyboard in Resources */ = {isa = PBXBuildFile; fileRef = 99C5650A1A0872B90082549E /* ProfileStoryboard.storyboard */; };
		99C5650F1A0873EC0082549E /* LoadStoryboardProfileViewController.m in Sources */ = {isa = PBXBuildFile; fileRef = 99C5650E1A0873EC0082549E /* LoadStoryboardProfileViewController.m */; };
		99C565121A087B6C0082549E /* LoadStoryboardIndexViewController.m in Sources */ = {isa = PBXBuildFile; fileRef = 99C565111A087B6C0082549E /* LoadStoryboardIndexViewController.m */; };
		99C565151A08814F0082549E /* LoadStoryboardSentViewController.m in Sources */ = {isa = PBXBuildFile; fileRef = 99C565141A08814F0082549E /* LoadStoryboardSentViewController.m */; };
		99C565181A08828C0082549E /* LoadStoryboardFriendsViewController.m in Sources */ = {isa = PBXBuildFile; fileRef = 99C565171A08828C0082549E /* LoadStoryboardFriendsViewController.m */; };
		99C5651C1A08A0B70082549E /* FriendCell.m in Sources */ = {isa = PBXBuildFile; fileRef = 99C5651B1A08A0B70082549E /* FriendCell.m */; };
		99D2A8211A09913200CC2E32 /* InboxMessageCell.m in Sources */ = {isa = PBXBuildFile; fileRef = 99D2A8201A09913200CC2E32 /* InboxMessageCell.m */; };
		99D2A8241A09AF1B00CC2E32 /* InboxDetailViewController.m in Sources */ = {isa = PBXBuildFile; fileRef = 99D2A8231A09AF1B00CC2E32 /* InboxDetailViewController.m */; };
		99EA552B1A096B2A00A66769 /* AddressBook.framework in Frameworks */ = {isa = PBXBuildFile; fileRef = 99EA55291A096B2A00A66769 /* AddressBook.framework */; };
		99EA552C1A096B2A00A66769 /* AddressBookUI.framework in Frameworks */ = {isa = PBXBuildFile; fileRef = 99EA552A1A096B2A00A66769 /* AddressBookUI.framework */; };
		99EA552E1A097CF000A66769 /* IndexStoryboard.storyboard in Resources */ = {isa = PBXBuildFile; fileRef = 99EA552D1A097CF000A66769 /* IndexStoryboard.storyboard */; };
/* End PBXBuildFile section */

/* Begin PBXContainerItemProxy section */
		99986D601A06F16C001AA353 /* PBXContainerItemProxy */ = {
			isa = PBXContainerItemProxy;
			containerPortal = 99986D3E1A06F16C001AA353 /* Project object */;
			proxyType = 1;
			remoteGlobalIDString = 99986D451A06F16C001AA353;
			remoteInfo = SendABird;
		};
/* End PBXContainerItemProxy section */

/* Begin PBXFileReference section */
		1EE4F4D75D23F321C268B6AF /* libPods.a */ = {isa = PBXFileReference; explicitFileType = archive.ar; includeInIndex = 0; path = libPods.a; sourceTree = BUILT_PRODUCTS_DIR; };
		1FC8AFD7341B19B0567E7621 /* Pods.release.xcconfig */ = {isa = PBXFileReference; includeInIndex = 1; lastKnownFileType = text.xcconfig; name = Pods.release.xcconfig; path = "Pods/Target Support Files/Pods/Pods.release.xcconfig"; sourceTree = "<group>"; };
		90053CA61A0991610059A7BF /* MessageMapPin.h */ = {isa = PBXFileReference; fileEncoding = 4; lastKnownFileType = sourcecode.c.h; path = MessageMapPin.h; sourceTree = "<group>"; };
		90053CA71A0991610059A7BF /* MessageMapPin.m */ = {isa = PBXFileReference; fileEncoding = 4; lastKnownFileType = sourcecode.c.objc; path = MessageMapPin.m; sourceTree = "<group>"; };
		901739011A09408B00741F55 /* BirdTableViewController.h */ = {isa = PBXFileReference; fileEncoding = 4; lastKnownFileType = sourcecode.c.h; path = BirdTableViewController.h; sourceTree = "<group>"; };
		901739021A09408B00741F55 /* BirdTableViewController.m */ = {isa = PBXFileReference; fileEncoding = 4; lastKnownFileType = sourcecode.c.objc; path = BirdTableViewController.m; sourceTree = "<group>"; };
		90549CB11A0C04B400FCFB53 /* SentMessageTableViewCell.h */ = {isa = PBXFileReference; fileEncoding = 4; lastKnownFileType = sourcecode.c.h; path = SentMessageTableViewCell.h; sourceTree = "<group>"; };
		90549CB21A0C04B400FCFB53 /* SentMessageTableViewCell.m */ = {isa = PBXFileReference; fileEncoding = 4; lastKnownFileType = sourcecode.c.objc; path = SentMessageTableViewCell.m; sourceTree = "<group>"; };
		9060BC4A1A08086C00935D41 /* SentViewController.h */ = {isa = PBXFileReference; fileEncoding = 4; lastKnownFileType = sourcecode.c.h; path = SentViewController.h; sourceTree = "<group>"; };
		9060BC4B1A08086C00935D41 /* SentViewController.m */ = {isa = PBXFileReference; fileEncoding = 4; lastKnownFileType = sourcecode.c.objc; path = SentViewController.m; sourceTree = "<group>"; };
		9060BC4D1A0808E200935D41 /* MapAndListMessageView.h */ = {isa = PBXFileReference; fileEncoding = 4; lastKnownFileType = sourcecode.c.h; path = MapAndListMessageView.h; sourceTree = "<group>"; };
		9060BC4E1A0808E200935D41 /* MapAndListMessageView.m */ = {isa = PBXFileReference; fileEncoding = 4; lastKnownFileType = sourcecode.c.objc; path = MapAndListMessageView.m; sourceTree = "<group>"; };
		9082A3D01A08338B00488DE8 /* BirdCarrier.h */ = {isa = PBXFileReference; fileEncoding = 4; lastKnownFileType = sourcecode.c.h; path = BirdCarrier.h; sourceTree = "<group>"; };
		9082A3D11A08338B00488DE8 /* BirdCarrier.m */ = {isa = PBXFileReference; fileEncoding = 4; lastKnownFileType = sourcecode.c.objc; path = BirdCarrier.m; sourceTree = "<group>"; };
		9082A3D21A08338B00488DE8 /* CommsLogin.h */ = {isa = PBXFileReference; fileEncoding = 4; lastKnownFileType = sourcecode.c.h; path = CommsLogin.h; sourceTree = "<group>"; };
		9082A3D31A08338B00488DE8 /* CommsLogin.m */ = {isa = PBXFileReference; fileEncoding = 4; lastKnownFileType = sourcecode.c.objc; path = CommsLogin.m; sourceTree = "<group>"; };
		909498A41A0AA842001C6D53 /* MapKit.framework */ = {isa = PBXFileReference; lastKnownFileType = wrapper.framework; name = MapKit.framework; path = System/Library/Frameworks/MapKit.framework; sourceTree = SDKROOT; };
		909498A61A0AB231001C6D53 /* PodFile */ = {isa = PBXFileReference; fileEncoding = 4; lastKnownFileType = text; path = PodFile; sourceTree = "<group>"; xcLanguageSpecificationIdentifier = xcode.lang.ruby; };
		909CD4621A0976F5007B7A39 /* SendToFriendTableViewController.h */ = {isa = PBXFileReference; fileEncoding = 4; lastKnownFileType = sourcecode.c.h; name = SendToFriendTableViewController.h; path = ../SendToFriendTableViewController.h; sourceTree = "<group>"; };
		909CD4631A0976F5007B7A39 /* SendToFriendTableViewController.m */ = {isa = PBXFileReference; fileEncoding = 4; lastKnownFileType = sourcecode.c.objc; name = SendToFriendTableViewController.m; path = ../SendToFriendTableViewController.m; sourceTree = "<group>"; };
		991E93961A0C162700CD5C17 /* SignupViewController.h */ = {isa = PBXFileReference; fileEncoding = 4; lastKnownFileType = sourcecode.c.h; name = SignupViewController.h; path = ../SignupViewController.h; sourceTree = "<group>"; };
		991E93971A0C162700CD5C17 /* SignupViewController.m */ = {isa = PBXFileReference; fileEncoding = 4; lastKnownFileType = sourcecode.c.objc; name = SignupViewController.m; path = ../SignupViewController.m; sourceTree = "<group>"; };
		998C18761A0AE57F00A6ED2D /* cam.png */ = {isa = PBXFileReference; lastKnownFileType = image.png; path = cam.png; sourceTree = "<group>"; };
		998C18781A0AEC5300A6ED2D /* gotpic.png */ = {isa = PBXFileReference; lastKnownFileType = image.png; path = gotpic.png; sourceTree = "<group>"; };
		998C187A1A0AECED00A6ED2D /* GotPictureViewController.h */ = {isa = PBXFileReference; fileEncoding = 4; lastKnownFileType = sourcecode.c.h; path = GotPictureViewController.h; sourceTree = "<group>"; };
		998C187B1A0AECED00A6ED2D /* GotPictureViewController.m */ = {isa = PBXFileReference; fileEncoding = 4; lastKnownFileType = sourcecode.c.objc; path = GotPictureViewController.m; sourceTree = "<group>"; };
		998C187D1A0AF56E00A6ED2D /* nopic.png */ = {isa = PBXFileReference; lastKnownFileType = image.png; path = nopic.png; sourceTree = "<group>"; };
		99986D461A06F16C001AA353 /* SendABird.app */ = {isa = PBXFileReference; explicitFileType = wrapper.application; includeInIndex = 0; path = SendABird.app; sourceTree = BUILT_PRODUCTS_DIR; };
		99986D4A1A06F16C001AA353 /* Info.plist */ = {isa = PBXFileReference; lastKnownFileType = text.plist.xml; path = Info.plist; sourceTree = "<group>"; };
		99986D4B1A06F16C001AA353 /* main.m */ = {isa = PBXFileReference; lastKnownFileType = sourcecode.c.objc; path = main.m; sourceTree = "<group>"; };
		99986D4D1A06F16C001AA353 /* AppDelegate.h */ = {isa = PBXFileReference; lastKnownFileType = sourcecode.c.h; path = AppDelegate.h; sourceTree = "<group>"; };
		99986D4E1A06F16C001AA353 /* AppDelegate.m */ = {isa = PBXFileReference; lastKnownFileType = sourcecode.c.objc; path = AppDelegate.m; sourceTree = "<group>"; };
		99986D541A06F16C001AA353 /* Base */ = {isa = PBXFileReference; lastKnownFileType = file.storyboard; name = Base; path = Base.lproj/Main.storyboard; sourceTree = "<group>"; };
		99986D561A06F16C001AA353 /* Images.xcassets */ = {isa = PBXFileReference; lastKnownFileType = folder.assetcatalog; path = Images.xcassets; sourceTree = "<group>"; };
		99986D591A06F16C001AA353 /* Base */ = {isa = PBXFileReference; lastKnownFileType = file.xib; name = Base; path = Base.lproj/LaunchScreen.xib; sourceTree = "<group>"; };
		99986D5F1A06F16C001AA353 /* SendABirdTests.xctest */ = {isa = PBXFileReference; explicitFileType = wrapper.cfbundle; includeInIndex = 0; path = SendABirdTests.xctest; sourceTree = BUILT_PRODUCTS_DIR; };
		99986D641A06F16C001AA353 /* Info.plist */ = {isa = PBXFileReference; lastKnownFileType = text.plist.xml; path = Info.plist; sourceTree = "<group>"; };
		99986D651A06F16C001AA353 /* SendABirdTests.m */ = {isa = PBXFileReference; lastKnownFileType = sourcecode.c.objc; path = SendABirdTests.m; sourceTree = "<group>"; };
		99986D6F1A0707E2001AA353 /* InboxViewController.h */ = {isa = PBXFileReference; fileEncoding = 4; lastKnownFileType = sourcecode.c.h; path = InboxViewController.h; sourceTree = "<group>"; };
		99986D701A0707E2001AA353 /* InboxViewController.m */ = {isa = PBXFileReference; fileEncoding = 4; lastKnownFileType = sourcecode.c.objc; path = InboxViewController.m; sourceTree = "<group>"; };
		99986D741A071C04001AA353 /* Parse.framework */ = {isa = PBXFileReference; lastKnownFileType = wrapper.framework; path = Parse.framework; sourceTree = "<group>"; };
		99986D751A071C04001AA353 /* ParseFacebookUtils.framework */ = {isa = PBXFileReference; lastKnownFileType = wrapper.framework; path = ParseFacebookUtils.framework; sourceTree = "<group>"; };
		99986D7A1A071C43001AA353 /* AudioToolbox.framework */ = {isa = PBXFileReference; lastKnownFileType = wrapper.framework; name = AudioToolbox.framework; path = System/Library/Frameworks/AudioToolbox.framework; sourceTree = SDKROOT; };
		99986D7C1A071C4A001AA353 /* CFNetwork.framework */ = {isa = PBXFileReference; lastKnownFileType = wrapper.framework; name = CFNetwork.framework; path = System/Library/Frameworks/CFNetwork.framework; sourceTree = SDKROOT; };
		99986D7E1A071C51001AA353 /* CoreGraphics.framework */ = {isa = PBXFileReference; lastKnownFileType = wrapper.framework; name = CoreGraphics.framework; path = System/Library/Frameworks/CoreGraphics.framework; sourceTree = SDKROOT; };
		99986D801A071C57001AA353 /* CoreLocation.framework */ = {isa = PBXFileReference; lastKnownFileType = wrapper.framework; name = CoreLocation.framework; path = System/Library/Frameworks/CoreLocation.framework; sourceTree = SDKROOT; };
		99986D821A071C5F001AA353 /* libz.1.1.3.dylib */ = {isa = PBXFileReference; lastKnownFileType = "compiled.mach-o.dylib"; name = libz.1.1.3.dylib; path = usr/lib/libz.1.1.3.dylib; sourceTree = SDKROOT; };
		99986D841A071C65001AA353 /* MobileCoreServices.framework */ = {isa = PBXFileReference; lastKnownFileType = wrapper.framework; name = MobileCoreServices.framework; path = System/Library/Frameworks/MobileCoreServices.framework; sourceTree = SDKROOT; };
		99986D861A071C6C001AA353 /* QuartzCore.framework */ = {isa = PBXFileReference; lastKnownFileType = wrapper.framework; name = QuartzCore.framework; path = System/Library/Frameworks/QuartzCore.framework; sourceTree = SDKROOT; };
		99986D881A071C72001AA353 /* Security.framework */ = {isa = PBXFileReference; lastKnownFileType = wrapper.framework; name = Security.framework; path = System/Library/Frameworks/Security.framework; sourceTree = SDKROOT; };
		99986D8A1A071C78001AA353 /* StoreKit.framework */ = {isa = PBXFileReference; lastKnownFileType = wrapper.framework; name = StoreKit.framework; path = System/Library/Frameworks/StoreKit.framework; sourceTree = SDKROOT; };
		99986D8C1A071C80001AA353 /* SystemConfiguration.framework */ = {isa = PBXFileReference; lastKnownFileType = wrapper.framework; name = SystemConfiguration.framework; path = System/Library/Frameworks/SystemConfiguration.framework; sourceTree = SDKROOT; };
		99986D8E1A071CBF001AA353 /* Foundation.framework */ = {isa = PBXFileReference; lastKnownFileType = wrapper.framework; name = Foundation.framework; path = System/Library/Frameworks/Foundation.framework; sourceTree = SDKROOT; };
		99986D901A071CCD001AA353 /* UIKit.framework */ = {isa = PBXFileReference; lastKnownFileType = wrapper.framework; name = UIKit.framework; path = System/Library/Frameworks/UIKit.framework; sourceTree = SDKROOT; };
		99986D921A071D5B001AA353 /* libz.dylib */ = {isa = PBXFileReference; lastKnownFileType = "compiled.mach-o.dylib"; name = libz.dylib; path = usr/lib/libz.dylib; sourceTree = SDKROOT; };
		99986D941A071F56001AA353 /* LoginViewController.h */ = {isa = PBXFileReference; fileEncoding = 4; lastKnownFileType = sourcecode.c.h; name = LoginViewController.h; path = ../LoginViewController.h; sourceTree = "<group>"; };
		99986D951A071F56001AA353 /* LoginViewController.m */ = {isa = PBXFileReference; fileEncoding = 4; lastKnownFileType = sourcecode.c.objc; name = LoginViewController.m; path = ../LoginViewController.m; sourceTree = "<group>"; };
		99986D9A1A0731D5001AA353 /* EditProfileViewController.h */ = {isa = PBXFileReference; fileEncoding = 4; lastKnownFileType = sourcecode.c.h; name = EditProfileViewController.h; path = ../EditProfileViewController.h; sourceTree = "<group>"; };
		99986D9B1A0731D5001AA353 /* EditProfileViewController.m */ = {isa = PBXFileReference; fileEncoding = 4; lastKnownFileType = sourcecode.c.objc; name = EditProfileViewController.m; path = ../EditProfileViewController.m; sourceTree = "<group>"; };
		99986D9D1A07558B001AA353 /* AddFriendViewController.h */ = {isa = PBXFileReference; fileEncoding = 4; lastKnownFileType = sourcecode.c.h; path = AddFriendViewController.h; sourceTree = "<group>"; };
		99986D9E1A07558B001AA353 /* AddFriendViewController.m */ = {isa = PBXFileReference; fileEncoding = 4; lastKnownFileType = sourcecode.c.objc; path = AddFriendViewController.m; sourceTree = "<group>"; };
		99986DA31A07680E001AA353 /* SearchFriendCell.h */ = {isa = PBXFileReference; fileEncoding = 4; lastKnownFileType = sourcecode.c.h; name = SearchFriendCell.h; path = ../SearchFriendCell.h; sourceTree = "<group>"; };
		99986DA41A07680E001AA353 /* SearchFriendCell.m */ = {isa = PBXFileReference; fileEncoding = 4; lastKnownFileType = sourcecode.c.objc; name = SearchFriendCell.m; path = ../SearchFriendCell.m; sourceTree = "<group>"; };
		99986DA61A07F00B001AA353 /* ComposeViewController.h */ = {isa = PBXFileReference; fileEncoding = 4; lastKnownFileType = sourcecode.c.h; name = ComposeViewController.h; path = ../ComposeViewController.h; sourceTree = "<group>"; };
		99986DA71A07F00B001AA353 /* ComposeViewController.m */ = {isa = PBXFileReference; fileEncoding = 4; lastKnownFileType = sourcecode.c.objc; name = ComposeViewController.m; path = ../ComposeViewController.m; sourceTree = "<group>"; };
		99C564FA1A08513B0082549E /* FriendsViewController.h */ = {isa = PBXFileReference; fileEncoding = 4; lastKnownFileType = sourcecode.c.h; path = FriendsViewController.h; sourceTree = "<group>"; };
		99C564FB1A08513B0082549E /* FriendsViewController.m */ = {isa = PBXFileReference; fileEncoding = 4; lastKnownFileType = sourcecode.c.objc; path = FriendsViewController.m; sourceTree = "<group>"; };
		99C564FD1A08534C0082549E /* FacebookSDK.framework */ = {isa = PBXFileReference; lastKnownFileType = wrapper.framework; name = FacebookSDK.framework; path = FacebookSDK/FacebookSDK.framework; sourceTree = "<group>"; };
		99C564FF1A085AFD0082549E /* SABTabBarController.h */ = {isa = PBXFileReference; fileEncoding = 4; lastKnownFileType = sourcecode.c.h; name = SABTabBarController.h; path = ../SABTabBarController.h; sourceTree = "<group>"; };
		99C565001A085AFD0082549E /* SABTabBarController.m */ = {isa = PBXFileReference; fileEncoding = 4; lastKnownFileType = sourcecode.c.objc; name = SABTabBarController.m; path = ../SABTabBarController.m; sourceTree = "<group>"; };
		99C565041A08729F0082549E /* FriendsStoryboard.storyboard */ = {isa = PBXFileReference; fileEncoding = 4; lastKnownFileType = file.storyboard; name = FriendsStoryboard.storyboard; path = ../FriendsStoryboard.storyboard; sourceTree = "<group>"; };
		99C565081A0872B10082549E /* SentStoryboard.storyboard */ = {isa = PBXFileReference; fileEncoding = 4; lastKnownFileType = file.storyboard; name = SentStoryboard.storyboard; path = ../SentStoryboard.storyboard; sourceTree = "<group>"; };
		99C5650A1A0872B90082549E /* ProfileStoryboard.storyboard */ = {isa = PBXFileReference; fileEncoding = 4; lastKnownFileType = file.storyboard; name = ProfileStoryboard.storyboard; path = ../ProfileStoryboard.storyboard; sourceTree = "<group>"; };
		99C5650D1A0873EC0082549E /* LoadStoryboardProfileViewController.h */ = {isa = PBXFileReference; fileEncoding = 4; lastKnownFileType = sourcecode.c.h; name = LoadStoryboardProfileViewController.h; path = ../LoadStoryboardProfileViewController.h; sourceTree = "<group>"; };
		99C5650E1A0873EC0082549E /* LoadStoryboardProfileViewController.m */ = {isa = PBXFileReference; fileEncoding = 4; lastKnownFileType = sourcecode.c.objc; name = LoadStoryboardProfileViewController.m; path = ../LoadStoryboardProfileViewController.m; sourceTree = "<group>"; };
		99C565101A087B6C0082549E /* LoadStoryboardIndexViewController.h */ = {isa = PBXFileReference; fileEncoding = 4; lastKnownFileType = sourcecode.c.h; path = LoadStoryboardIndexViewController.h; sourceTree = "<group>"; };
		99C565111A087B6C0082549E /* LoadStoryboardIndexViewController.m */ = {isa = PBXFileReference; fileEncoding = 4; lastKnownFileType = sourcecode.c.objc; path = LoadStoryboardIndexViewController.m; sourceTree = "<group>"; };
		99C565131A08814F0082549E /* LoadStoryboardSentViewController.h */ = {isa = PBXFileReference; fileEncoding = 4; lastKnownFileType = sourcecode.c.h; name = LoadStoryboardSentViewController.h; path = ../LoadStoryboardSentViewController.h; sourceTree = "<group>"; };
		99C565141A08814F0082549E /* LoadStoryboardSentViewController.m */ = {isa = PBXFileReference; fileEncoding = 4; lastKnownFileType = sourcecode.c.objc; name = LoadStoryboardSentViewController.m; path = ../LoadStoryboardSentViewController.m; sourceTree = "<group>"; };
		99C565161A08828C0082549E /* LoadStoryboardFriendsViewController.h */ = {isa = PBXFileReference; fileEncoding = 4; lastKnownFileType = sourcecode.c.h; name = LoadStoryboardFriendsViewController.h; path = ../LoadStoryboardFriendsViewController.h; sourceTree = "<group>"; };
		99C565171A08828C0082549E /* LoadStoryboardFriendsViewController.m */ = {isa = PBXFileReference; fileEncoding = 4; lastKnownFileType = sourcecode.c.objc; name = LoadStoryboardFriendsViewController.m; path = ../LoadStoryboardFriendsViewController.m; sourceTree = "<group>"; };
		99C5651A1A08A0B70082549E /* FriendCell.h */ = {isa = PBXFileReference; fileEncoding = 4; lastKnownFileType = sourcecode.c.h; path = FriendCell.h; sourceTree = "<group>"; };
		99C5651B1A08A0B70082549E /* FriendCell.m */ = {isa = PBXFileReference; fileEncoding = 4; lastKnownFileType = sourcecode.c.objc; path = FriendCell.m; sourceTree = "<group>"; };
		99D2A81F1A09913200CC2E32 /* InboxMessageCell.h */ = {isa = PBXFileReference; fileEncoding = 4; lastKnownFileType = sourcecode.c.h; name = InboxMessageCell.h; path = ../InboxMessageCell.h; sourceTree = "<group>"; };
		99D2A8201A09913200CC2E32 /* InboxMessageCell.m */ = {isa = PBXFileReference; fileEncoding = 4; lastKnownFileType = sourcecode.c.objc; name = InboxMessageCell.m; path = ../InboxMessageCell.m; sourceTree = "<group>"; };
		99D2A8221A09AF1B00CC2E32 /* InboxDetailViewController.h */ = {isa = PBXFileReference; fileEncoding = 4; lastKnownFileType = sourcecode.c.h; path = InboxDetailViewController.h; sourceTree = "<group>"; };
		99D2A8231A09AF1B00CC2E32 /* InboxDetailViewController.m */ = {isa = PBXFileReference; fileEncoding = 4; lastKnownFileType = sourcecode.c.objc; path = InboxDetailViewController.m; sourceTree = "<group>"; };
		99EA55291A096B2A00A66769 /* AddressBook.framework */ = {isa = PBXFileReference; lastKnownFileType = wrapper.framework; name = AddressBook.framework; path = System/Library/Frameworks/AddressBook.framework; sourceTree = SDKROOT; };
		99EA552A1A096B2A00A66769 /* AddressBookUI.framework */ = {isa = PBXFileReference; lastKnownFileType = wrapper.framework; name = AddressBookUI.framework; path = System/Library/Frameworks/AddressBookUI.framework; sourceTree = SDKROOT; };
		99EA552D1A097CF000A66769 /* IndexStoryboard.storyboard */ = {isa = PBXFileReference; fileEncoding = 4; lastKnownFileType = file.storyboard; path = IndexStoryboard.storyboard; sourceTree = "<group>"; };
		D14E0F6D3353F44DF9710EC7 /* Pods.debug.xcconfig */ = {isa = PBXFileReference; includeInIndex = 1; lastKnownFileType = text.xcconfig; name = Pods.debug.xcconfig; path = "Pods/Target Support Files/Pods/Pods.debug.xcconfig"; sourceTree = "<group>"; };
/* End PBXFileReference section */

/* Begin PBXFrameworksBuildPhase section */
		99986D431A06F16C001AA353 /* Frameworks */ = {
			isa = PBXFrameworksBuildPhase;
			buildActionMask = 2147483647;
			files = (
				99EA552B1A096B2A00A66769 /* AddressBook.framework in Frameworks */,
				99EA552C1A096B2A00A66769 /* AddressBookUI.framework in Frameworks */,
				909498A51A0AA842001C6D53 /* MapKit.framework in Frameworks */,
				99C564FE1A08534C0082549E /* FacebookSDK.framework in Frameworks */,
				99986D931A071D5B001AA353 /* libz.dylib in Frameworks */,
				99986D7F1A071C51001AA353 /* CoreGraphics.framework in Frameworks */,
				99986D911A071CCD001AA353 /* UIKit.framework in Frameworks */,
				99986D8F1A071CBF001AA353 /* Foundation.framework in Frameworks */,
				99986D8D1A071C80001AA353 /* SystemConfiguration.framework in Frameworks */,
				99986D8B1A071C78001AA353 /* StoreKit.framework in Frameworks */,
				99986D891A071C72001AA353 /* Security.framework in Frameworks */,
				99986D871A071C6C001AA353 /* QuartzCore.framework in Frameworks */,
				99986D851A071C65001AA353 /* MobileCoreServices.framework in Frameworks */,
				99986D831A071C5F001AA353 /* libz.1.1.3.dylib in Frameworks */,
				99986D811A071C57001AA353 /* CoreLocation.framework in Frameworks */,
				99986D7D1A071C4A001AA353 /* CFNetwork.framework in Frameworks */,
				99986D7B1A071C43001AA353 /* AudioToolbox.framework in Frameworks */,
				99986D771A071C04001AA353 /* Parse.framework in Frameworks */,
				99986D781A071C04001AA353 /* ParseFacebookUtils.framework in Frameworks */,
				55050A8F662C47629541D5EC /* libPods.a in Frameworks */,
			);
			runOnlyForDeploymentPostprocessing = 0;
		};
		99986D5C1A06F16C001AA353 /* Frameworks */ = {
			isa = PBXFrameworksBuildPhase;
			buildActionMask = 2147483647;
			files = (
			);
			runOnlyForDeploymentPostprocessing = 0;
		};
/* End PBXFrameworksBuildPhase section */

/* Begin PBXGroup section */
		998C187F1A0B062C00A6ED2D /* Cells */ = {
			isa = PBXGroup;
			children = (
				99986DA31A07680E001AA353 /* SearchFriendCell.h */,
				99986DA41A07680E001AA353 /* SearchFriendCell.m */,
				99C5651A1A08A0B70082549E /* FriendCell.h */,
				99C5651B1A08A0B70082549E /* FriendCell.m */,
				99D2A81F1A09913200CC2E32 /* InboxMessageCell.h */,
				99D2A8201A09913200CC2E32 /* InboxMessageCell.m */,
			);
			name = Cells;
			sourceTree = "<group>";
		};
		998C18801A0B064500A6ED2D /* Pics */ = {
			isa = PBXGroup;
			children = (
				998C18761A0AE57F00A6ED2D /* cam.png */,
				998C18781A0AEC5300A6ED2D /* gotpic.png */,
				998C187D1A0AF56E00A6ED2D /* nopic.png */,
			);
			name = Pics;
			sourceTree = "<group>";
		};
		99986D3D1A06F16C001AA353 = {
			isa = PBXGroup;
			children = (
				909498A61A0AB231001C6D53 /* PodFile */,
				99986D481A06F16C001AA353 /* SendABird */,
				99986D621A06F16C001AA353 /* SendABirdTests */,
				99986D471A06F16C001AA353 /* Products */,
				D95E76A294D5714968B6A07B /* Pods */,
				E7C567E3E8ACDA3530CCCD5D /* Frameworks */,
			);
			sourceTree = "<group>";
		};
		99986D471A06F16C001AA353 /* Products */ = {
			isa = PBXGroup;
			children = (
				99986D461A06F16C001AA353 /* SendABird.app */,
				99986D5F1A06F16C001AA353 /* SendABirdTests.xctest */,
			);
			name = Products;
			sourceTree = "<group>";
		};
		99986D481A06F16C001AA353 /* SendABird */ = {
			isa = PBXGroup;
			children = (
				99986D531A06F16C001AA353 /* Main.storyboard */,
				99C5650C1A0872C50082549E /* Storyboards */,
				9060BC4D1A0808E200935D41 /* MapAndListMessageView.h */,
				9060BC4E1A0808E200935D41 /* MapAndListMessageView.m */,
				90053CA61A0991610059A7BF /* MessageMapPin.h */,
				90053CA71A0991610059A7BF /* MessageMapPin.m */,
				99986D4D1A06F16C001AA353 /* AppDelegate.h */,
				99986D4E1A06F16C001AA353 /* AppDelegate.m */,
				99986D721A0707EA001AA353 /* View Controllers */,
				99986D561A06F16C001AA353 /* Images.xcassets */,
				998C18801A0B064500A6ED2D /* Pics */,
				998C187F1A0B062C00A6ED2D /* Cells */,
				99986D581A06F16C001AA353 /* LaunchScreen.xib */,
				99986D791A071C0F001AA353 /* Frameworks */,
				99986D491A06F16C001AA353 /* Supporting Files */,
			);
			path = SendABird;
			sourceTree = "<group>";
		};
		99986D491A06F16C001AA353 /* Supporting Files */ = {
			isa = PBXGroup;
			children = (
				99986D4A1A06F16C001AA353 /* Info.plist */,
				99986D4B1A06F16C001AA353 /* main.m */,
			);
			name = "Supporting Files";
			sourceTree = "<group>";
		};
		99986D621A06F16C001AA353 /* SendABirdTests */ = {
			isa = PBXGroup;
			children = (
				99986D651A06F16C001AA353 /* SendABirdTests.m */,
				99986D631A06F16C001AA353 /* Supporting Files */,
			);
			path = SendABirdTests;
			sourceTree = "<group>";
		};
		99986D631A06F16C001AA353 /* Supporting Files */ = {
			isa = PBXGroup;
			children = (
				99986D641A06F16C001AA353 /* Info.plist */,
			);
			name = "Supporting Files";
			sourceTree = "<group>";
		};
		99986D721A0707EA001AA353 /* View Controllers */ = {
			isa = PBXGroup;
			children = (
				991E93961A0C162700CD5C17 /* SignupViewController.h */,
				991E93971A0C162700CD5C17 /* SignupViewController.m */,
				99986D941A071F56001AA353 /* LoginViewController.h */,
				99986D951A071F56001AA353 /* LoginViewController.m */,
				99C565001A085AFD0082549E /* SABTabBarController.m */,
				99C564FF1A085AFD0082549E /* SABTabBarController.h */,
				9060BC4A1A08086C00935D41 /* SentViewController.h */,
				9060BC4B1A08086C00935D41 /* SentViewController.m */,
				99C564FA1A08513B0082549E /* FriendsViewController.h */,
				99C564FB1A08513B0082549E /* FriendsViewController.m */,
				99986D9D1A07558B001AA353 /* AddFriendViewController.h */,
				99986D9E1A07558B001AA353 /* AddFriendViewController.m */,
				9082A3D01A08338B00488DE8 /* BirdCarrier.h */,
				9082A3D11A08338B00488DE8 /* BirdCarrier.m */,
				9082A3D21A08338B00488DE8 /* CommsLogin.h */,
				9082A3D31A08338B00488DE8 /* CommsLogin.m */,
				99986D6F1A0707E2001AA353 /* InboxViewController.h */,
				99986D701A0707E2001AA353 /* InboxViewController.m */,
				99D2A8221A09AF1B00CC2E32 /* InboxDetailViewController.h */,
				99D2A8231A09AF1B00CC2E32 /* InboxDetailViewController.m */,
				998C187A1A0AECED00A6ED2D /* GotPictureViewController.h */,
				998C187B1A0AECED00A6ED2D /* GotPictureViewController.m */,
				99986D9A1A0731D5001AA353 /* EditProfileViewController.h */,
				99986D9B1A0731D5001AA353 /* EditProfileViewController.m */,
				99986DA61A07F00B001AA353 /* ComposeViewController.h */,
				99986DA71A07F00B001AA353 /* ComposeViewController.m */,
				90549CB11A0C04B400FCFB53 /* SentMessageTableViewCell.h */,
				90549CB21A0C04B400FCFB53 /* SentMessageTableViewCell.m */,
				901739011A09408B00741F55 /* BirdTableViewController.h */,
				901739021A09408B00741F55 /* BirdTableViewController.m */,
				909CD4621A0976F5007B7A39 /* SendToFriendTableViewController.h */,
				909CD4631A0976F5007B7A39 /* SendToFriendTableViewController.m */,
			);
			name = "View Controllers";
			sourceTree = "<group>";
		};
		99986D791A071C0F001AA353 /* Frameworks */ = {
			isa = PBXGroup;
			children = (
				99EA55291A096B2A00A66769 /* AddressBook.framework */,
				99EA552A1A096B2A00A66769 /* AddressBookUI.framework */,
				99986D7A1A071C43001AA353 /* AudioToolbox.framework */,
				99986D901A071CCD001AA353 /* UIKit.framework */,
				909498A41A0AA842001C6D53 /* MapKit.framework */,
				99986D8E1A071CBF001AA353 /* Foundation.framework */,
				99986D8C1A071C80001AA353 /* SystemConfiguration.framework */,
				99986D8A1A071C78001AA353 /* StoreKit.framework */,
				99986D881A071C72001AA353 /* Security.framework */,
				99986D861A071C6C001AA353 /* QuartzCore.framework */,
				99986D841A071C65001AA353 /* MobileCoreServices.framework */,
				99986D821A071C5F001AA353 /* libz.1.1.3.dylib */,
				99986D921A071D5B001AA353 /* libz.dylib */,
				99986D801A071C57001AA353 /* CoreLocation.framework */,
				99986D7E1A071C51001AA353 /* CoreGraphics.framework */,
				99986D7C1A071C4A001AA353 /* CFNetwork.framework */,
				99C564FD1A08534C0082549E /* FacebookSDK.framework */,
				99986D741A071C04001AA353 /* Parse.framework */,
				99986D751A071C04001AA353 /* ParseFacebookUtils.framework */,
			);
			name = Frameworks;
			sourceTree = "<group>";
		};
		99C5650C1A0872C50082549E /* Storyboards */ = {
			isa = PBXGroup;
			children = (
				99EA552D1A097CF000A66769 /* IndexStoryboard.storyboard */,
				99C5650A1A0872B90082549E /* ProfileStoryboard.storyboard */,
				99C565081A0872B10082549E /* SentStoryboard.storyboard */,
				99C5650D1A0873EC0082549E /* LoadStoryboardProfileViewController.h */,
				99C565041A08729F0082549E /* FriendsStoryboard.storyboard */,
				99C5650E1A0873EC0082549E /* LoadStoryboardProfileViewController.m */,
				99C565101A087B6C0082549E /* LoadStoryboardIndexViewController.h */,
				99C565111A087B6C0082549E /* LoadStoryboardIndexViewController.m */,
				99C565131A08814F0082549E /* LoadStoryboardSentViewController.h */,
				99C565141A08814F0082549E /* LoadStoryboardSentViewController.m */,
				99C565161A08828C0082549E /* LoadStoryboardFriendsViewController.h */,
				99C565171A08828C0082549E /* LoadStoryboardFriendsViewController.m */,
			);
			name = Storyboards;
			sourceTree = "<group>";
		};
		D95E76A294D5714968B6A07B /* Pods */ = {
			isa = PBXGroup;
			children = (
				D14E0F6D3353F44DF9710EC7 /* Pods.debug.xcconfig */,
				1FC8AFD7341B19B0567E7621 /* Pods.release.xcconfig */,
			);
			name = Pods;
			sourceTree = "<group>";
		};
		E7C567E3E8ACDA3530CCCD5D /* Frameworks */ = {
			isa = PBXGroup;
			children = (
				1EE4F4D75D23F321C268B6AF /* libPods.a */,
			);
			name = Frameworks;
			sourceTree = "<group>";
		};
/* End PBXGroup section */

/* Begin PBXNativeTarget section */
		99986D451A06F16C001AA353 /* SendABird */ = {
			isa = PBXNativeTarget;
			buildConfigurationList = 99986D691A06F16C001AA353 /* Build configuration list for PBXNativeTarget "SendABird" */;
			buildPhases = (
				954A3C7894059A2C1813BA1D /* Check Pods Manifest.lock */,
				99986D421A06F16C001AA353 /* Sources */,
				99986D431A06F16C001AA353 /* Frameworks */,
				99986D441A06F16C001AA353 /* Resources */,
				1F5F199FF62CE5CA3BB3E0EE /* Copy Pods Resources */,
			);
			buildRules = (
			);
			dependencies = (
			);
			name = SendABird;
			productName = SendABird;
			productReference = 99986D461A06F16C001AA353 /* SendABird.app */;
			productType = "com.apple.product-type.application";
		};
		99986D5E1A06F16C001AA353 /* SendABirdTests */ = {
			isa = PBXNativeTarget;
			buildConfigurationList = 99986D6C1A06F16C001AA353 /* Build configuration list for PBXNativeTarget "SendABirdTests" */;
			buildPhases = (
				99986D5B1A06F16C001AA353 /* Sources */,
				99986D5C1A06F16C001AA353 /* Frameworks */,
				99986D5D1A06F16C001AA353 /* Resources */,
			);
			buildRules = (
			);
			dependencies = (
				99986D611A06F16C001AA353 /* PBXTargetDependency */,
			);
			name = SendABirdTests;
			productName = SendABirdTests;
			productReference = 99986D5F1A06F16C001AA353 /* SendABirdTests.xctest */;
			productType = "com.apple.product-type.bundle.unit-test";
		};
/* End PBXNativeTarget section */

/* Begin PBXProject section */
		99986D3E1A06F16C001AA353 /* Project object */ = {
			isa = PBXProject;
			attributes = {
				LastUpgradeCheck = 0610;
				ORGANIZATIONNAME = sendabird;
				TargetAttributes = {
					99986D451A06F16C001AA353 = {
						CreatedOnToolsVersion = 6.1;
						DevelopmentTeam = S8X486LY33;
						SystemCapabilities = {
							com.apple.Maps.iOS = {
								enabled = 1;
							};
						};
					};
					99986D5E1A06F16C001AA353 = {
						CreatedOnToolsVersion = 6.1;
						DevelopmentTeam = S8X486LY33;
						TestTargetID = 99986D451A06F16C001AA353;
					};
				};
			};
			buildConfigurationList = 99986D411A06F16C001AA353 /* Build configuration list for PBXProject "SendABird" */;
			compatibilityVersion = "Xcode 3.2";
			developmentRegion = English;
			hasScannedForEncodings = 0;
			knownRegions = (
				en,
				Base,
			);
			mainGroup = 99986D3D1A06F16C001AA353;
			productRefGroup = 99986D471A06F16C001AA353 /* Products */;
			projectDirPath = "";
			projectRoot = "";
			targets = (
				99986D451A06F16C001AA353 /* SendABird */,
				99986D5E1A06F16C001AA353 /* SendABirdTests */,
			);
		};
/* End PBXProject section */

/* Begin PBXResourcesBuildPhase section */
		99986D441A06F16C001AA353 /* Resources */ = {
			isa = PBXResourcesBuildPhase;
			buildActionMask = 2147483647;
			files = (
				99986D551A06F16C001AA353 /* Main.storyboard in Resources */,
				998C18791A0AEC5300A6ED2D /* gotpic.png in Resources */,
				99986D5A1A06F16C001AA353 /* LaunchScreen.xib in Resources */,
				909498A71A0AB231001C6D53 /* PodFile in Resources */,
				99C5650B1A0872B90082549E /* ProfileStoryboard.storyboard in Resources */,
				99C565051A08729F0082549E /* FriendsStoryboard.storyboard in Resources */,
				99EA552E1A097CF000A66769 /* IndexStoryboard.storyboard in Resources */,
				998C18771A0AE57F00A6ED2D /* cam.png in Resources */,
				99C565091A0872B10082549E /* SentStoryboard.storyboard in Resources */,
				998C187E1A0AF56E00A6ED2D /* nopic.png in Resources */,
				99986D571A06F16C001AA353 /* Images.xcassets in Resources */,
			);
			runOnlyForDeploymentPostprocessing = 0;
		};
		99986D5D1A06F16C001AA353 /* Resources */ = {
			isa = PBXResourcesBuildPhase;
			buildActionMask = 2147483647;
			files = (
			);
			runOnlyForDeploymentPostprocessing = 0;
		};
/* End PBXResourcesBuildPhase section */

/* Begin PBXShellScriptBuildPhase section */
		1F5F199FF62CE5CA3BB3E0EE /* Copy Pods Resources */ = {
			isa = PBXShellScriptBuildPhase;
			buildActionMask = 2147483647;
			files = (
			);
			inputPaths = (
			);
			name = "Copy Pods Resources";
			outputPaths = (
			);
			runOnlyForDeploymentPostprocessing = 0;
			shellPath = /bin/sh;
			shellScript = "\"${SRCROOT}/Pods/Target Support Files/Pods/Pods-resources.sh\"\n";
			showEnvVarsInLog = 0;
		};
		954A3C7894059A2C1813BA1D /* Check Pods Manifest.lock */ = {
			isa = PBXShellScriptBuildPhase;
			buildActionMask = 2147483647;
			files = (
			);
			inputPaths = (
			);
			name = "Check Pods Manifest.lock";
			outputPaths = (
			);
			runOnlyForDeploymentPostprocessing = 0;
			shellPath = /bin/sh;
			shellScript = "diff \"${PODS_ROOT}/../Podfile.lock\" \"${PODS_ROOT}/Manifest.lock\" > /dev/null\nif [[ $? != 0 ]] ; then\n    cat << EOM\nerror: The sandbox is not in sync with the Podfile.lock. Run 'pod install' or update your CocoaPods installation.\nEOM\n    exit 1\nfi\n";
			showEnvVarsInLog = 0;
		};
/* End PBXShellScriptBuildPhase section */

/* Begin PBXSourcesBuildPhase section */
		99986D421A06F16C001AA353 /* Sources */ = {
			isa = PBXSourcesBuildPhase;
			buildActionMask = 2147483647;
			files = (
				998C187C1A0AECED00A6ED2D /* GotPictureViewController.m in Sources */,
				901739031A09408B00741F55 /* BirdTableViewController.m in Sources */,
				9082A3D51A08338B00488DE8 /* CommsLogin.m in Sources */,
				99C565011A085AFD0082549E /* SABTabBarController.m in Sources */,
				909CD4641A0976F5007B7A39 /* SendToFriendTableViewController.m in Sources */,
				99C564FC1A08513B0082549E /* FriendsViewController.m in Sources */,
				90549CB31A0C04B400FCFB53 /* SentMessageTableViewCell.m in Sources */,
				9082A3D41A08338B00488DE8 /* BirdCarrier.m in Sources */,
				998C18811A0B0DEA00A6ED2D /* EditProfileViewController.m in Sources */,
				99D2A8211A09913200CC2E32 /* InboxMessageCell.m in Sources */,
				99C565121A087B6C0082549E /* LoadStoryboardIndexViewController.m in Sources */,
				99C5651C1A08A0B70082549E /* FriendCell.m in Sources */,
				9060BC4C1A08086C00935D41 /* SentViewController.m in Sources */,
				99986D9F1A07558B001AA353 /* AddFriendViewController.m in Sources */,
				99C565181A08828C0082549E /* LoadStoryboardFriendsViewController.m in Sources */,
				9060BC4F1A0808E200935D41 /* MapAndListMessageView.m in Sources */,
				99C5650F1A0873EC0082549E /* LoadStoryboardProfileViewController.m in Sources */,
				991E93981A0C162700CD5C17 /* SignupViewController.m in Sources */,
				99D2A8241A09AF1B00CC2E32 /* InboxDetailViewController.m in Sources */,
				99986DA81A07F00B001AA353 /* ComposeViewController.m in Sources */,
				99986DA51A07680E001AA353 /* SearchFriendCell.m in Sources */,
				90053CA81A0991610059A7BF /* MessageMapPin.m in Sources */,
				99C565151A08814F0082549E /* LoadStoryboardSentViewController.m in Sources */,
				99986D4F1A06F16C001AA353 /* AppDelegate.m in Sources */,
				99986D4C1A06F16C001AA353 /* main.m in Sources */,
				99986D711A0707E2001AA353 /* InboxViewController.m in Sources */,
				99986D961A071F56001AA353 /* LoginViewController.m in Sources */,
			);
			runOnlyForDeploymentPostprocessing = 0;
		};
		99986D5B1A06F16C001AA353 /* Sources */ = {
			isa = PBXSourcesBuildPhase;
			buildActionMask = 2147483647;
			files = (
				99986D661A06F16C001AA353 /* SendABirdTests.m in Sources */,
			);
			runOnlyForDeploymentPostprocessing = 0;
		};
/* End PBXSourcesBuildPhase section */

/* Begin PBXTargetDependency section */
		99986D611A06F16C001AA353 /* PBXTargetDependency */ = {
			isa = PBXTargetDependency;
			target = 99986D451A06F16C001AA353 /* SendABird */;
			targetProxy = 99986D601A06F16C001AA353 /* PBXContainerItemProxy */;
		};
/* End PBXTargetDependency section */

/* Begin PBXVariantGroup section */
		99986D531A06F16C001AA353 /* Main.storyboard */ = {
			isa = PBXVariantGroup;
			children = (
				99986D541A06F16C001AA353 /* Base */,
			);
			name = Main.storyboard;
			sourceTree = "<group>";
		};
		99986D581A06F16C001AA353 /* LaunchScreen.xib */ = {
			isa = PBXVariantGroup;
			children = (
				99986D591A06F16C001AA353 /* Base */,
			);
			name = LaunchScreen.xib;
			sourceTree = "<group>";
		};
/* End PBXVariantGroup section */

/* Begin XCBuildConfiguration section */
		99986D671A06F16C001AA353 /* Debug */ = {
			isa = XCBuildConfiguration;
			buildSettings = {
				ALWAYS_SEARCH_USER_PATHS = NO;
				CLANG_CXX_LANGUAGE_STANDARD = "gnu++0x";
				CLANG_CXX_LIBRARY = "libc++";
				CLANG_ENABLE_MODULES = YES;
				CLANG_ENABLE_OBJC_ARC = YES;
				CLANG_WARN_BOOL_CONVERSION = YES;
				CLANG_WARN_CONSTANT_CONVERSION = YES;
				CLANG_WARN_DIRECT_OBJC_ISA_USAGE = YES_ERROR;
				CLANG_WARN_EMPTY_BODY = YES;
				CLANG_WARN_ENUM_CONVERSION = YES;
				CLANG_WARN_INT_CONVERSION = YES;
				CLANG_WARN_OBJC_ROOT_CLASS = YES_ERROR;
				CLANG_WARN_UNREACHABLE_CODE = YES;
				CLANG_WARN__DUPLICATE_METHOD_MATCH = YES;
				CODE_SIGN_IDENTITY = "iPhone Developer: Taylor Ledingham (6PU854NZ7J)";
				"CODE_SIGN_IDENTITY[sdk=iphoneos*]" = "iPhone Developer: Taylor Ledingham (6PU854NZ7J)";
				COPY_PHASE_STRIP = NO;
				ENABLE_STRICT_OBJC_MSGSEND = YES;
				GCC_C_LANGUAGE_STANDARD = gnu99;
				GCC_DYNAMIC_NO_PIC = NO;
				GCC_OPTIMIZATION_LEVEL = 0;
				GCC_PREPROCESSOR_DEFINITIONS = (
					"DEBUG=1",
					"$(inherited)",
				);
				GCC_SYMBOLS_PRIVATE_EXTERN = NO;
				GCC_WARN_64_TO_32_BIT_CONVERSION = YES;
				GCC_WARN_ABOUT_RETURN_TYPE = YES_ERROR;
				GCC_WARN_UNDECLARED_SELECTOR = YES;
				GCC_WARN_UNINITIALIZED_AUTOS = YES_AGGRESSIVE;
				GCC_WARN_UNUSED_FUNCTION = YES;
				GCC_WARN_UNUSED_VARIABLE = YES;
				IPHONEOS_DEPLOYMENT_TARGET = 8.1;
				MTL_ENABLE_DEBUG_INFO = YES;
				ONLY_ACTIVE_ARCH = YES;
				PROVISIONING_PROFILE = "9aeea5b3-fcfc-4f09-8c2b-3efdcb46ec6d";
				"PROVISIONING_PROFILE[sdk=*]" = "9aeea5b3-fcfc-4f09-8c2b-3efdcb46ec6d";
				SDKROOT = iphoneos;
			};
			name = Debug;
		};
		99986D681A06F16C001AA353 /* Release */ = {
			isa = XCBuildConfiguration;
			buildSettings = {
				ALWAYS_SEARCH_USER_PATHS = NO;
				CLANG_CXX_LANGUAGE_STANDARD = "gnu++0x";
				CLANG_CXX_LIBRARY = "libc++";
				CLANG_ENABLE_MODULES = YES;
				CLANG_ENABLE_OBJC_ARC = YES;
				CLANG_WARN_BOOL_CONVERSION = YES;
				CLANG_WARN_CONSTANT_CONVERSION = YES;
				CLANG_WARN_DIRECT_OBJC_ISA_USAGE = YES_ERROR;
				CLANG_WARN_EMPTY_BODY = YES;
				CLANG_WARN_ENUM_CONVERSION = YES;
				CLANG_WARN_INT_CONVERSION = YES;
				CLANG_WARN_OBJC_ROOT_CLASS = YES_ERROR;
				CLANG_WARN_UNREACHABLE_CODE = YES;
				CLANG_WARN__DUPLICATE_METHOD_MATCH = YES;
				CODE_SIGN_IDENTITY = "iPhone Developer: Taylor Ledingham (6PU854NZ7J)";
				"CODE_SIGN_IDENTITY[sdk=iphoneos*]" = "iPhone Developer: Taylor Ledingham (6PU854NZ7J)";
				COPY_PHASE_STRIP = YES;
				ENABLE_NS_ASSERTIONS = NO;
				ENABLE_STRICT_OBJC_MSGSEND = YES;
				GCC_C_LANGUAGE_STANDARD = gnu99;
				GCC_WARN_64_TO_32_BIT_CONVERSION = YES;
				GCC_WARN_ABOUT_RETURN_TYPE = YES_ERROR;
				GCC_WARN_UNDECLARED_SELECTOR = YES;
				GCC_WARN_UNINITIALIZED_AUTOS = YES_AGGRESSIVE;
				GCC_WARN_UNUSED_FUNCTION = YES;
				GCC_WARN_UNUSED_VARIABLE = YES;
				IPHONEOS_DEPLOYMENT_TARGET = 8.1;
				MTL_ENABLE_DEBUG_INFO = NO;
				PROVISIONING_PROFILE = "9aeea5b3-fcfc-4f09-8c2b-3efdcb46ec6d";
				SDKROOT = iphoneos;
				VALIDATE_PRODUCT = YES;
			};
			name = Release;
		};
		99986D6A1A06F16C001AA353 /* Debug */ = {
			isa = XCBuildConfiguration;
			baseConfigurationReference = D14E0F6D3353F44DF9710EC7 /* Pods.debug.xcconfig */;
			buildSettings = {
				ASSETCATALOG_COMPILER_APPICON_NAME = AppIcon;
				CODE_SIGN_IDENTITY = "iPhone Developer";
				"CODE_SIGN_IDENTITY[sdk=iphoneos*]" = "iPhone Developer";
				FRAMEWORK_SEARCH_PATHS = (
					"$(inherited)",
					"$(PROJECT_DIR)/SendABird",
					"$(PROJECT_DIR)/SendABird/FacebookSDK",
				);
				INFOPLIST_FILE = SendABird/Info.plist;
				LD_RUNPATH_SEARCH_PATHS = "$(inherited) @executable_path/Frameworks";
				PRODUCT_NAME = "$(TARGET_NAME)";
				PROVISIONING_PROFILE = "";
			};
			name = Debug;
		};
		99986D6B1A06F16C001AA353 /* Release */ = {
			isa = XCBuildConfiguration;
			baseConfigurationReference = 1FC8AFD7341B19B0567E7621 /* Pods.release.xcconfig */;
			buildSettings = {
				ASSETCATALOG_COMPILER_APPICON_NAME = AppIcon;
				CODE_SIGN_IDENTITY = "iPhone Developer";
				"CODE_SIGN_IDENTITY[sdk=iphoneos*]" = "iPhone Developer";
				FRAMEWORK_SEARCH_PATHS = (
					"$(inherited)",
					"$(PROJECT_DIR)/SendABird",
					"$(PROJECT_DIR)/SendABird/FacebookSDK",
				);
				INFOPLIST_FILE = SendABird/Info.plist;
				LD_RUNPATH_SEARCH_PATHS = "$(inherited) @executable_path/Frameworks";
				PRODUCT_NAME = "$(TARGET_NAME)";
				PROVISIONING_PROFILE = "";
			};
			name = Release;
		};
		99986D6D1A06F16C001AA353 /* Debug */ = {
			isa = XCBuildConfiguration;
			buildSettings = {
				BUNDLE_LOADER = "$(TEST_HOST)";
				CODE_SIGN_IDENTITY = "iPhone Developer";
				"CODE_SIGN_IDENTITY[sdk=iphoneos*]" = "iPhone Developer";
				FRAMEWORK_SEARCH_PATHS = (
					"$(SDKROOT)/Developer/Library/Frameworks",
					"$(inherited)",
				);
				GCC_PREPROCESSOR_DEFINITIONS = (
					"DEBUG=1",
					"$(inherited)",
				);
				INFOPLIST_FILE = SendABirdTests/Info.plist;
				LD_RUNPATH_SEARCH_PATHS = "$(inherited) @executable_path/Frameworks @loader_path/Frameworks";
				PRODUCT_NAME = "$(TARGET_NAME)";
				PROVISIONING_PROFILE = "";
				TEST_HOST = "$(BUILT_PRODUCTS_DIR)/SendABird.app/SendABird";
			};
			name = Debug;
		};
		99986D6E1A06F16C001AA353 /* Release */ = {
			isa = XCBuildConfiguration;
			buildSettings = {
				BUNDLE_LOADER = "$(TEST_HOST)";
				CODE_SIGN_IDENTITY = "iPhone Developer";
				"CODE_SIGN_IDENTITY[sdk=iphoneos*]" = "iPhone Developer";
				FRAMEWORK_SEARCH_PATHS = (
					"$(SDKROOT)/Developer/Library/Frameworks",
					"$(inherited)",
				);
				INFOPLIST_FILE = SendABirdTests/Info.plist;
				LD_RUNPATH_SEARCH_PATHS = "$(inherited) @executable_path/Frameworks @loader_path/Frameworks";
				PRODUCT_NAME = "$(TARGET_NAME)";
				PROVISIONING_PROFILE = "";
				TEST_HOST = "$(BUILT_PRODUCTS_DIR)/SendABird.app/SendABird";
			};
			name = Release;
		};
/* End XCBuildConfiguration section */

/* Begin XCConfigurationList section */
		99986D411A06F16C001AA353 /* Build configuration list for PBXProject "SendABird" */ = {
			isa = XCConfigurationList;
			buildConfigurations = (
				99986D671A06F16C001AA353 /* Debug */,
				99986D681A06F16C001AA353 /* Release */,
			);
			defaultConfigurationIsVisible = 0;
			defaultConfigurationName = Release;
		};
		99986D691A06F16C001AA353 /* Build configuration list for PBXNativeTarget "SendABird" */ = {
			isa = XCConfigurationList;
			buildConfigurations = (
				99986D6A1A06F16C001AA353 /* Debug */,
				99986D6B1A06F16C001AA353 /* Release */,
			);
			defaultConfigurationIsVisible = 0;
			defaultConfigurationName = Release;
		};
		99986D6C1A06F16C001AA353 /* Build configuration list for PBXNativeTarget "SendABirdTests" */ = {
			isa = XCConfigurationList;
			buildConfigurations = (
				99986D6D1A06F16C001AA353 /* Debug */,
				99986D6E1A06F16C001AA353 /* Release */,
			);
			defaultConfigurationIsVisible = 0;
			defaultConfigurationName = Release;
		};
/* End XCConfigurationList section */
	};
	rootObject = 99986D3E1A06F16C001AA353 /* Project object */;
}
