<?xml version="1.0" encoding="UTF-8"?>
<!DOCTYPE plist PUBLIC "-//Apple//DTD PLIST 1.0//EN" "http://www.apple.com/DTDs/PropertyList-1.0.dtd">
<plist version="1.0">
<dict>
	<key>archiveVersion</key>
	<string>1</string>
	<key>classes</key>
	<dict/>
	<key>objectVersion</key>
	<string>46</string>
	<key>objects</key>
	<dict>
		<key>1EE4F4D75D23F321C268B6AF</key>
		<dict>
			<key>explicitFileType</key>
			<string>archive.ar</string>
			<key>includeInIndex</key>
			<string>0</string>
			<key>isa</key>
			<string>PBXFileReference</string>
			<key>path</key>
			<string>libPods.a</string>
			<key>sourceTree</key>
			<string>BUILT_PRODUCTS_DIR</string>
		</dict>
		<key>1F5F199FF62CE5CA3BB3E0EE</key>
		<dict>
			<key>buildActionMask</key>
			<string>2147483647</string>
			<key>files</key>
			<array/>
			<key>inputPaths</key>
			<array/>
			<key>isa</key>
			<string>PBXShellScriptBuildPhase</string>
			<key>name</key>
			<string>Copy Pods Resources</string>
			<key>outputPaths</key>
			<array/>
			<key>runOnlyForDeploymentPostprocessing</key>
			<string>0</string>
			<key>shellPath</key>
			<string>/bin/sh</string>
			<key>shellScript</key>
			<string>"${SRCROOT}/Pods/Target Support Files/Pods/Pods-resources.sh"
</string>
			<key>showEnvVarsInLog</key>
			<string>0</string>
		</dict>
		<key>1FC8AFD7341B19B0567E7621</key>
		<dict>
			<key>includeInIndex</key>
			<string>1</string>
			<key>isa</key>
			<string>PBXFileReference</string>
			<key>lastKnownFileType</key>
			<string>text.xcconfig</string>
			<key>name</key>
			<string>Pods.release.xcconfig</string>
			<key>path</key>
			<string>Pods/Target Support Files/Pods/Pods.release.xcconfig</string>
			<key>sourceTree</key>
			<string>&lt;group&gt;</string>
		</dict>
		<key>55050A8F662C47629541D5EC</key>
		<dict>
			<key>fileRef</key>
			<string>1EE4F4D75D23F321C268B6AF</string>
			<key>isa</key>
			<string>PBXBuildFile</string>
		</dict>
		<key>90053CA61A0991610059A7BF</key>
		<dict>
			<key>fileEncoding</key>
			<string>4</string>
			<key>isa</key>
			<string>PBXFileReference</string>
			<key>lastKnownFileType</key>
			<string>sourcecode.c.h</string>
			<key>path</key>
			<string>MessageMapPin.h</string>
			<key>sourceTree</key>
			<string>&lt;group&gt;</string>
		</dict>
		<key>90053CA71A0991610059A7BF</key>
		<dict>
			<key>fileEncoding</key>
			<string>4</string>
			<key>isa</key>
			<string>PBXFileReference</string>
			<key>lastKnownFileType</key>
			<string>sourcecode.c.objc</string>
			<key>path</key>
			<string>MessageMapPin.m</string>
			<key>sourceTree</key>
			<string>&lt;group&gt;</string>
		</dict>
		<key>90053CA81A0991610059A7BF</key>
		<dict>
			<key>fileRef</key>
			<string>90053CA71A0991610059A7BF</string>
			<key>isa</key>
			<string>PBXBuildFile</string>
		</dict>
		<key>901739011A09408B00741F55</key>
		<dict>
			<key>fileEncoding</key>
			<string>4</string>
			<key>isa</key>
			<string>PBXFileReference</string>
			<key>lastKnownFileType</key>
			<string>sourcecode.c.h</string>
			<key>path</key>
			<string>BirdTableViewController.h</string>
			<key>sourceTree</key>
			<string>&lt;group&gt;</string>
		</dict>
		<key>901739021A09408B00741F55</key>
		<dict>
			<key>fileEncoding</key>
			<string>4</string>
			<key>isa</key>
			<string>PBXFileReference</string>
			<key>lastKnownFileType</key>
			<string>sourcecode.c.objc</string>
			<key>path</key>
			<string>BirdTableViewController.m</string>
			<key>sourceTree</key>
			<string>&lt;group&gt;</string>
		</dict>
		<key>901739031A09408B00741F55</key>
		<dict>
			<key>fileRef</key>
			<string>901739021A09408B00741F55</string>
			<key>isa</key>
			<string>PBXBuildFile</string>
		</dict>
		<key>9060BC4A1A08086C00935D41</key>
		<dict>
			<key>fileEncoding</key>
			<string>4</string>
			<key>isa</key>
			<string>PBXFileReference</string>
			<key>lastKnownFileType</key>
			<string>sourcecode.c.h</string>
			<key>path</key>
			<string>SentViewController.h</string>
			<key>sourceTree</key>
			<string>&lt;group&gt;</string>
		</dict>
		<key>9060BC4B1A08086C00935D41</key>
		<dict>
			<key>fileEncoding</key>
			<string>4</string>
			<key>isa</key>
			<string>PBXFileReference</string>
			<key>lastKnownFileType</key>
			<string>sourcecode.c.objc</string>
			<key>path</key>
			<string>SentViewController.m</string>
			<key>sourceTree</key>
			<string>&lt;group&gt;</string>
		</dict>
		<key>9060BC4C1A08086C00935D41</key>
		<dict>
			<key>fileRef</key>
			<string>9060BC4B1A08086C00935D41</string>
			<key>isa</key>
			<string>PBXBuildFile</string>
		</dict>
		<key>9060BC4D1A0808E200935D41</key>
		<dict>
			<key>fileEncoding</key>
			<string>4</string>
			<key>isa</key>
			<string>PBXFileReference</string>
			<key>lastKnownFileType</key>
			<string>sourcecode.c.h</string>
			<key>path</key>
			<string>MapAndListMessageView.h</string>
			<key>sourceTree</key>
			<string>&lt;group&gt;</string>
		</dict>
		<key>9060BC4E1A0808E200935D41</key>
		<dict>
			<key>fileEncoding</key>
			<string>4</string>
			<key>isa</key>
			<string>PBXFileReference</string>
			<key>lastKnownFileType</key>
			<string>sourcecode.c.objc</string>
			<key>path</key>
			<string>MapAndListMessageView.m</string>
			<key>sourceTree</key>
			<string>&lt;group&gt;</string>
		</dict>
		<key>9060BC4F1A0808E200935D41</key>
		<dict>
			<key>fileRef</key>
			<string>9060BC4E1A0808E200935D41</string>
			<key>isa</key>
			<string>PBXBuildFile</string>
		</dict>
		<key>9082A3D01A08338B00488DE8</key>
		<dict>
			<key>fileEncoding</key>
			<string>4</string>
			<key>isa</key>
			<string>PBXFileReference</string>
			<key>lastKnownFileType</key>
			<string>sourcecode.c.h</string>
			<key>path</key>
			<string>BirdCarrier.h</string>
			<key>sourceTree</key>
			<string>&lt;group&gt;</string>
		</dict>
		<key>9082A3D11A08338B00488DE8</key>
		<dict>
			<key>fileEncoding</key>
			<string>4</string>
			<key>isa</key>
			<string>PBXFileReference</string>
			<key>lastKnownFileType</key>
			<string>sourcecode.c.objc</string>
			<key>path</key>
			<string>BirdCarrier.m</string>
			<key>sourceTree</key>
			<string>&lt;group&gt;</string>
		</dict>
		<key>9082A3D21A08338B00488DE8</key>
		<dict>
			<key>fileEncoding</key>
			<string>4</string>
			<key>isa</key>
			<string>PBXFileReference</string>
			<key>lastKnownFileType</key>
			<string>sourcecode.c.h</string>
			<key>path</key>
			<string>CommsLogin.h</string>
			<key>sourceTree</key>
			<string>&lt;group&gt;</string>
		</dict>
		<key>9082A3D31A08338B00488DE8</key>
		<dict>
			<key>fileEncoding</key>
			<string>4</string>
			<key>isa</key>
			<string>PBXFileReference</string>
			<key>lastKnownFileType</key>
			<string>sourcecode.c.objc</string>
			<key>path</key>
			<string>CommsLogin.m</string>
			<key>sourceTree</key>
			<string>&lt;group&gt;</string>
		</dict>
		<key>9082A3D41A08338B00488DE8</key>
		<dict>
			<key>fileRef</key>
			<string>9082A3D11A08338B00488DE8</string>
			<key>isa</key>
			<string>PBXBuildFile</string>
		</dict>
		<key>9082A3D51A08338B00488DE8</key>
		<dict>
			<key>fileRef</key>
			<string>9082A3D31A08338B00488DE8</string>
			<key>isa</key>
			<string>PBXBuildFile</string>
		</dict>
		<key>909498A41A0AA842001C6D53</key>
		<dict>
			<key>isa</key>
			<string>PBXFileReference</string>
			<key>lastKnownFileType</key>
			<string>wrapper.framework</string>
			<key>name</key>
			<string>MapKit.framework</string>
			<key>path</key>
			<string>System/Library/Frameworks/MapKit.framework</string>
			<key>sourceTree</key>
			<string>SDKROOT</string>
		</dict>
		<key>909498A51A0AA842001C6D53</key>
		<dict>
			<key>fileRef</key>
			<string>909498A41A0AA842001C6D53</string>
			<key>isa</key>
			<string>PBXBuildFile</string>
		</dict>
		<key>909498A61A0AB231001C6D53</key>
		<dict>
			<key>fileEncoding</key>
			<string>4</string>
			<key>isa</key>
			<string>PBXFileReference</string>
			<key>lastKnownFileType</key>
			<string>text</string>
			<key>path</key>
			<string>PodFile</string>
			<key>sourceTree</key>
			<string>&lt;group&gt;</string>
		</dict>
		<key>909498A71A0AB231001C6D53</key>
		<dict>
			<key>fileRef</key>
			<string>909498A61A0AB231001C6D53</string>
			<key>isa</key>
			<string>PBXBuildFile</string>
		</dict>
		<key>909CD4621A0976F5007B7A39</key>
		<dict>
			<key>fileEncoding</key>
			<string>4</string>
			<key>isa</key>
			<string>PBXFileReference</string>
			<key>lastKnownFileType</key>
			<string>sourcecode.c.h</string>
			<key>name</key>
			<string>SendToFriendTableViewController.h</string>
			<key>path</key>
			<string>../SendToFriendTableViewController.h</string>
			<key>sourceTree</key>
			<string>&lt;group&gt;</string>
		</dict>
		<key>909CD4631A0976F5007B7A39</key>
		<dict>
			<key>fileEncoding</key>
			<string>4</string>
			<key>isa</key>
			<string>PBXFileReference</string>
			<key>lastKnownFileType</key>
			<string>sourcecode.c.objc</string>
			<key>name</key>
			<string>SendToFriendTableViewController.m</string>
			<key>path</key>
			<string>../SendToFriendTableViewController.m</string>
			<key>sourceTree</key>
			<string>&lt;group&gt;</string>
		</dict>
		<key>909CD4641A0976F5007B7A39</key>
		<dict>
			<key>fileRef</key>
			<string>909CD4631A0976F5007B7A39</string>
			<key>isa</key>
			<string>PBXBuildFile</string>
		</dict>
		<key>954A3C7894059A2C1813BA1D</key>
		<dict>
			<key>buildActionMask</key>
			<string>2147483647</string>
			<key>files</key>
			<array/>
			<key>inputPaths</key>
			<array/>
			<key>isa</key>
			<string>PBXShellScriptBuildPhase</string>
			<key>name</key>
			<string>Check Pods Manifest.lock</string>
			<key>outputPaths</key>
			<array/>
			<key>runOnlyForDeploymentPostprocessing</key>
			<string>0</string>
			<key>shellPath</key>
			<string>/bin/sh</string>
			<key>shellScript</key>
			<string>diff "${PODS_ROOT}/../Podfile.lock" "${PODS_ROOT}/Manifest.lock" &gt; /dev/null
if [[ $? != 0 ]] ; then
    cat &lt;&lt; EOM
error: The sandbox is not in sync with the Podfile.lock. Run 'pod install' or update your CocoaPods installation.
EOM
    exit 1
fi
</string>
			<key>showEnvVarsInLog</key>
			<string>0</string>
		</dict>
		<key>99986D3D1A06F16C001AA353</key>
		<dict>
			<key>children</key>
			<array>
				<string>909498A61A0AB231001C6D53</string>
				<string>909498A41A0AA842001C6D53</string>
				<string>99986D481A06F16C001AA353</string>
				<string>99986D621A06F16C001AA353</string>
				<string>99986D471A06F16C001AA353</string>
				<string>D95E76A294D5714968B6A07B</string>
				<string>E7C567E3E8ACDA3530CCCD5D</string>
			</array>
			<key>isa</key>
			<string>PBXGroup</string>
			<key>sourceTree</key>
			<string>&lt;group&gt;</string>
		</dict>
		<key>99986D3E1A06F16C001AA353</key>
		<dict>
			<key>attributes</key>
			<dict>
				<key>LastUpgradeCheck</key>
				<string>0610</string>
				<key>ORGANIZATIONNAME</key>
				<string>sendabird</string>
				<key>TargetAttributes</key>
				<dict>
					<key>99986D451A06F16C001AA353</key>
					<dict>
						<key>CreatedOnToolsVersion</key>
						<string>6.1</string>
						<key>DevelopmentTeam</key>
						<string>S8X486LY33</string>
						<key>SystemCapabilities</key>
						<dict>
							<key>com.apple.Maps.iOS</key>
							<dict>
								<key>enabled</key>
								<string>1</string>
							</dict>
						</dict>
					</dict>
					<key>99986D5E1A06F16C001AA353</key>
					<dict>
						<key>CreatedOnToolsVersion</key>
						<string>6.1</string>
						<key>DevelopmentTeam</key>
						<string>S8X486LY33</string>
						<key>TestTargetID</key>
						<string>99986D451A06F16C001AA353</string>
					</dict>
				</dict>
			</dict>
			<key>buildConfigurationList</key>
			<string>99986D411A06F16C001AA353</string>
			<key>compatibilityVersion</key>
			<string>Xcode 3.2</string>
			<key>developmentRegion</key>
			<string>English</string>
			<key>hasScannedForEncodings</key>
			<string>0</string>
			<key>isa</key>
			<string>PBXProject</string>
			<key>knownRegions</key>
			<array>
				<string>en</string>
				<string>Base</string>
			</array>
			<key>mainGroup</key>
			<string>99986D3D1A06F16C001AA353</string>
			<key>productRefGroup</key>
			<string>99986D471A06F16C001AA353</string>
			<key>projectDirPath</key>
			<string></string>
			<key>projectReferences</key>
			<array/>
			<key>projectRoot</key>
			<string></string>
			<key>targets</key>
			<array>
				<string>99986D451A06F16C001AA353</string>
				<string>99986D5E1A06F16C001AA353</string>
			</array>
		</dict>
		<key>99986D411A06F16C001AA353</key>
		<dict>
			<key>buildConfigurations</key>
			<array>
				<string>99986D671A06F16C001AA353</string>
				<string>99986D681A06F16C001AA353</string>
			</array>
			<key>defaultConfigurationIsVisible</key>
			<string>0</string>
			<key>defaultConfigurationName</key>
			<string>Release</string>
			<key>isa</key>
			<string>XCConfigurationList</string>
		</dict>
		<key>99986D421A06F16C001AA353</key>
		<dict>
			<key>buildActionMask</key>
			<string>2147483647</string>
			<key>files</key>
			<array>
				<string>901739031A09408B00741F55</string>
				<string>9082A3D51A08338B00488DE8</string>
				<string>99986D991A071F70001AA353</string>
				<string>99C565011A085AFD0082549E</string>
				<string>909CD4641A0976F5007B7A39</string>
				<string>99C564FC1A08513B0082549E</string>
				<string>9082A3D41A08338B00488DE8</string>
				<string>99D2A8211A09913200CC2E32</string>
				<string>99986D9C1A0731D5001AA353</string>
				<string>99C565121A087B6C0082549E</string>
				<string>99C5651C1A08A0B70082549E</string>
				<string>9060BC4C1A08086C00935D41</string>
				<string>99986D9F1A07558B001AA353</string>
				<string>99C565181A08828C0082549E</string>
				<string>9060BC4F1A0808E200935D41</string>
				<string>99C5650F1A0873EC0082549E</string>
				<string>99D2A8241A09AF1B00CC2E32</string>
				<string>99986DA81A07F00B001AA353</string>
				<string>99986DA51A07680E001AA353</string>
				<string>90053CA81A0991610059A7BF</string>
				<string>99C565151A08814F0082549E</string>
				<string>99986D4F1A06F16C001AA353</string>
				<string>99986D4C1A06F16C001AA353</string>
				<string>99986D711A0707E2001AA353</string>
				<string>99986D961A071F56001AA353</string>
			</array>
			<key>isa</key>
			<string>PBXSourcesBuildPhase</string>
			<key>runOnlyForDeploymentPostprocessing</key>
			<string>0</string>
		</dict>
		<key>99986D431A06F16C001AA353</key>
		<dict>
			<key>buildActionMask</key>
			<string>2147483647</string>
			<key>files</key>
			<array>
				<string>99EA552B1A096B2A00A66769</string>
				<string>99EA552C1A096B2A00A66769</string>
				<string>909498A51A0AA842001C6D53</string>
				<string>99C564FE1A08534C0082549E</string>
				<string>99986D931A071D5B001AA353</string>
				<string>99986D7F1A071C51001AA353</string>
				<string>99986D911A071CCD001AA353</string>
				<string>99986D8F1A071CBF001AA353</string>
				<string>99986D8D1A071C80001AA353</string>
				<string>99986D8B1A071C78001AA353</string>
				<string>99986D891A071C72001AA353</string>
				<string>99986D871A071C6C001AA353</string>
				<string>99986D851A071C65001AA353</string>
				<string>99986D831A071C5F001AA353</string>
				<string>99986D811A071C57001AA353</string>
				<string>99986D7D1A071C4A001AA353</string>
				<string>99986D7B1A071C43001AA353</string>
				<string>99986D771A071C04001AA353</string>
				<string>99986D761A071C04001AA353</string>
				<string>99986D781A071C04001AA353</string>
				<string>55050A8F662C47629541D5EC</string>
			</array>
			<key>isa</key>
			<string>PBXFrameworksBuildPhase</string>
			<key>runOnlyForDeploymentPostprocessing</key>
			<string>0</string>
		</dict>
		<key>99986D441A06F16C001AA353</key>
		<dict>
			<key>buildActionMask</key>
			<string>2147483647</string>
			<key>files</key>
			<array>
				<string>99986D551A06F16C001AA353</string>
				<string>99986D5A1A06F16C001AA353</string>
				<string>909498A71A0AB231001C6D53</string>
				<string>99C5650B1A0872B90082549E</string>
				<string>99C565051A08729F0082549E</string>
				<string>99EA552E1A097CF000A66769</string>
				<string>99C565091A0872B10082549E</string>
				<string>99986D571A06F16C001AA353</string>
			</array>
			<key>isa</key>
			<string>PBXResourcesBuildPhase</string>
			<key>runOnlyForDeploymentPostprocessing</key>
			<string>0</string>
		</dict>
		<key>99986D451A06F16C001AA353</key>
		<dict>
			<key>buildConfigurationList</key>
			<string>99986D691A06F16C001AA353</string>
			<key>buildPhases</key>
			<array>
				<string>954A3C7894059A2C1813BA1D</string>
				<string>99986D421A06F16C001AA353</string>
				<string>99986D431A06F16C001AA353</string>
				<string>99986D441A06F16C001AA353</string>
				<string>1F5F199FF62CE5CA3BB3E0EE</string>
			</array>
			<key>buildRules</key>
			<array/>
			<key>dependencies</key>
			<array/>
			<key>isa</key>
			<string>PBXNativeTarget</string>
			<key>name</key>
			<string>SendABird</string>
			<key>productName</key>
			<string>SendABird</string>
			<key>productReference</key>
			<string>99986D461A06F16C001AA353</string>
			<key>productType</key>
			<string>com.apple.product-type.application</string>
		</dict>
		<key>99986D461A06F16C001AA353</key>
		<dict>
			<key>explicitFileType</key>
			<string>wrapper.application</string>
			<key>includeInIndex</key>
			<string>0</string>
			<key>isa</key>
			<string>PBXFileReference</string>
			<key>path</key>
			<string>SendABird.app</string>
			<key>sourceTree</key>
			<string>BUILT_PRODUCTS_DIR</string>
		</dict>
		<key>99986D471A06F16C001AA353</key>
		<dict>
			<key>children</key>
			<array>
				<string>99986D461A06F16C001AA353</string>
				<string>99986D5F1A06F16C001AA353</string>
			</array>
			<key>isa</key>
			<string>PBXGroup</string>
			<key>name</key>
			<string>Products</string>
			<key>sourceTree</key>
			<string>&lt;group&gt;</string>
		</dict>
		<key>99986D481A06F16C001AA353</key>
		<dict>
			<key>children</key>
			<array>
				<string>99986D531A06F16C001AA353</string>
				<string>99C5650C1A0872C50082549E</string>
				<string>9060BC4D1A0808E200935D41</string>
				<string>9060BC4E1A0808E200935D41</string>
				<string>9060BC4A1A08086C00935D41</string>
				<string>9060BC4B1A08086C00935D41</string>
				<string>90053CA61A0991610059A7BF</string>
				<string>90053CA71A0991610059A7BF</string>
				<string>99986D4D1A06F16C001AA353</string>
				<string>99986D4E1A06F16C001AA353</string>
				<string>99986D721A0707EA001AA353</string>
				<string>99986D561A06F16C001AA353</string>
				<string>99986DA31A07680E001AA353</string>
				<string>99986DA41A07680E001AA353</string>
				<string>99C5651A1A08A0B70082549E</string>
				<string>99C5651B1A08A0B70082549E</string>
				<string>99D2A81F1A09913200CC2E32</string>
				<string>99D2A8201A09913200CC2E32</string>
				<string>99986D581A06F16C001AA353</string>
				<string>99986D791A071C0F001AA353</string>
				<string>99986D491A06F16C001AA353</string>
			</array>
			<key>isa</key>
			<string>PBXGroup</string>
			<key>path</key>
			<string>SendABird</string>
			<key>sourceTree</key>
			<string>&lt;group&gt;</string>
		</dict>
		<key>99986D491A06F16C001AA353</key>
		<dict>
			<key>children</key>
			<array>
				<string>99986D4A1A06F16C001AA353</string>
				<string>99986D4B1A06F16C001AA353</string>
			</array>
			<key>isa</key>
			<string>PBXGroup</string>
			<key>name</key>
			<string>Supporting Files</string>
			<key>sourceTree</key>
			<string>&lt;group&gt;</string>
		</dict>
		<key>99986D4A1A06F16C001AA353</key>
		<dict>
			<key>isa</key>
			<string>PBXFileReference</string>
			<key>lastKnownFileType</key>
			<string>text.plist.xml</string>
			<key>path</key>
			<string>Info.plist</string>
			<key>sourceTree</key>
			<string>&lt;group&gt;</string>
		</dict>
		<key>99986D4B1A06F16C001AA353</key>
		<dict>
			<key>isa</key>
			<string>PBXFileReference</string>
			<key>lastKnownFileType</key>
			<string>sourcecode.c.objc</string>
			<key>path</key>
			<string>main.m</string>
			<key>sourceTree</key>
			<string>&lt;group&gt;</string>
		</dict>
		<key>99986D4C1A06F16C001AA353</key>
		<dict>
			<key>fileRef</key>
			<string>99986D4B1A06F16C001AA353</string>
			<key>isa</key>
			<string>PBXBuildFile</string>
		</dict>
		<key>99986D4D1A06F16C001AA353</key>
		<dict>
			<key>isa</key>
			<string>PBXFileReference</string>
			<key>lastKnownFileType</key>
			<string>sourcecode.c.h</string>
			<key>path</key>
			<string>AppDelegate.h</string>
			<key>sourceTree</key>
			<string>&lt;group&gt;</string>
		</dict>
		<key>99986D4E1A06F16C001AA353</key>
		<dict>
			<key>isa</key>
			<string>PBXFileReference</string>
			<key>lastKnownFileType</key>
			<string>sourcecode.c.objc</string>
			<key>path</key>
			<string>AppDelegate.m</string>
			<key>sourceTree</key>
			<string>&lt;group&gt;</string>
		</dict>
		<key>99986D4F1A06F16C001AA353</key>
		<dict>
			<key>fileRef</key>
			<string>99986D4E1A06F16C001AA353</string>
			<key>isa</key>
			<string>PBXBuildFile</string>
		</dict>
		<key>99986D531A06F16C001AA353</key>
		<dict>
			<key>children</key>
			<array>
				<string>99986D541A06F16C001AA353</string>
			</array>
			<key>isa</key>
			<string>PBXVariantGroup</string>
			<key>name</key>
			<string>Main.storyboard</string>
			<key>sourceTree</key>
			<string>&lt;group&gt;</string>
		</dict>
		<key>99986D541A06F16C001AA353</key>
		<dict>
			<key>isa</key>
			<string>PBXFileReference</string>
			<key>lastKnownFileType</key>
			<string>file.storyboard</string>
			<key>name</key>
			<string>Base</string>
			<key>path</key>
			<string>Base.lproj/Main.storyboard</string>
			<key>sourceTree</key>
			<string>&lt;group&gt;</string>
		</dict>
		<key>99986D551A06F16C001AA353</key>
		<dict>
			<key>fileRef</key>
			<string>99986D531A06F16C001AA353</string>
			<key>isa</key>
			<string>PBXBuildFile</string>
		</dict>
		<key>99986D561A06F16C001AA353</key>
		<dict>
			<key>isa</key>
			<string>PBXFileReference</string>
			<key>lastKnownFileType</key>
			<string>folder.assetcatalog</string>
			<key>path</key>
			<string>Images.xcassets</string>
			<key>sourceTree</key>
			<string>&lt;group&gt;</string>
		</dict>
		<key>99986D571A06F16C001AA353</key>
		<dict>
			<key>fileRef</key>
			<string>99986D561A06F16C001AA353</string>
			<key>isa</key>
			<string>PBXBuildFile</string>
		</dict>
		<key>99986D581A06F16C001AA353</key>
		<dict>
			<key>children</key>
			<array>
				<string>99986D591A06F16C001AA353</string>
			</array>
			<key>isa</key>
			<string>PBXVariantGroup</string>
			<key>name</key>
			<string>LaunchScreen.xib</string>
			<key>sourceTree</key>
			<string>&lt;group&gt;</string>
		</dict>
		<key>99986D591A06F16C001AA353</key>
		<dict>
			<key>isa</key>
			<string>PBXFileReference</string>
			<key>lastKnownFileType</key>
			<string>file.xib</string>
			<key>name</key>
			<string>Base</string>
			<key>path</key>
			<string>Base.lproj/LaunchScreen.xib</string>
			<key>sourceTree</key>
			<string>&lt;group&gt;</string>
		</dict>
		<key>99986D5A1A06F16C001AA353</key>
		<dict>
			<key>fileRef</key>
			<string>99986D581A06F16C001AA353</string>
			<key>isa</key>
			<string>PBXBuildFile</string>
		</dict>
		<key>99986D5B1A06F16C001AA353</key>
		<dict>
			<key>buildActionMask</key>
			<string>2147483647</string>
			<key>files</key>
			<array>
				<string>99986D661A06F16C001AA353</string>
			</array>
			<key>isa</key>
			<string>PBXSourcesBuildPhase</string>
			<key>runOnlyForDeploymentPostprocessing</key>
			<string>0</string>
		</dict>
		<key>99986D5C1A06F16C001AA353</key>
		<dict>
			<key>buildActionMask</key>
			<string>2147483647</string>
			<key>files</key>
			<array/>
			<key>isa</key>
			<string>PBXFrameworksBuildPhase</string>
			<key>runOnlyForDeploymentPostprocessing</key>
			<string>0</string>
		</dict>
		<key>99986D5D1A06F16C001AA353</key>
		<dict>
			<key>buildActionMask</key>
			<string>2147483647</string>
			<key>files</key>
			<array/>
			<key>isa</key>
			<string>PBXResourcesBuildPhase</string>
			<key>runOnlyForDeploymentPostprocessing</key>
			<string>0</string>
		</dict>
		<key>99986D5E1A06F16C001AA353</key>
		<dict>
			<key>buildConfigurationList</key>
			<string>99986D6C1A06F16C001AA353</string>
			<key>buildPhases</key>
			<array>
				<string>99986D5B1A06F16C001AA353</string>
				<string>99986D5C1A06F16C001AA353</string>
				<string>99986D5D1A06F16C001AA353</string>
			</array>
			<key>buildRules</key>
			<array/>
			<key>dependencies</key>
			<array>
				<string>99986D611A06F16C001AA353</string>
			</array>
			<key>isa</key>
			<string>PBXNativeTarget</string>
			<key>name</key>
			<string>SendABirdTests</string>
			<key>productName</key>
			<string>SendABirdTests</string>
			<key>productReference</key>
			<string>99986D5F1A06F16C001AA353</string>
			<key>productType</key>
			<string>com.apple.product-type.bundle.unit-test</string>
		</dict>
		<key>99986D5F1A06F16C001AA353</key>
		<dict>
			<key>explicitFileType</key>
			<string>wrapper.cfbundle</string>
			<key>includeInIndex</key>
			<string>0</string>
			<key>isa</key>
			<string>PBXFileReference</string>
			<key>path</key>
			<string>SendABirdTests.xctest</string>
			<key>sourceTree</key>
			<string>BUILT_PRODUCTS_DIR</string>
		</dict>
		<key>99986D601A06F16C001AA353</key>
		<dict>
			<key>containerPortal</key>
			<string>99986D3E1A06F16C001AA353</string>
			<key>isa</key>
			<string>PBXContainerItemProxy</string>
			<key>proxyType</key>
			<string>1</string>
			<key>remoteGlobalIDString</key>
			<string>99986D451A06F16C001AA353</string>
			<key>remoteInfo</key>
			<string>SendABird</string>
		</dict>
		<key>99986D611A06F16C001AA353</key>
		<dict>
			<key>isa</key>
			<string>PBXTargetDependency</string>
			<key>target</key>
			<string>99986D451A06F16C001AA353</string>
			<key>targetProxy</key>
			<string>99986D601A06F16C001AA353</string>
		</dict>
		<key>99986D621A06F16C001AA353</key>
		<dict>
			<key>children</key>
			<array>
				<string>99986D651A06F16C001AA353</string>
				<string>99986D631A06F16C001AA353</string>
			</array>
			<key>isa</key>
			<string>PBXGroup</string>
			<key>path</key>
			<string>SendABirdTests</string>
			<key>sourceTree</key>
			<string>&lt;group&gt;</string>
		</dict>
		<key>99986D631A06F16C001AA353</key>
		<dict>
			<key>children</key>
			<array>
				<string>99986D641A06F16C001AA353</string>
			</array>
			<key>isa</key>
			<string>PBXGroup</string>
			<key>name</key>
			<string>Supporting Files</string>
			<key>sourceTree</key>
			<string>&lt;group&gt;</string>
		</dict>
		<key>99986D641A06F16C001AA353</key>
		<dict>
			<key>isa</key>
			<string>PBXFileReference</string>
			<key>lastKnownFileType</key>
			<string>text.plist.xml</string>
			<key>path</key>
			<string>Info.plist</string>
			<key>sourceTree</key>
			<string>&lt;group&gt;</string>
		</dict>
		<key>99986D651A06F16C001AA353</key>
		<dict>
			<key>isa</key>
			<string>PBXFileReference</string>
			<key>lastKnownFileType</key>
			<string>sourcecode.c.objc</string>
			<key>path</key>
			<string>SendABirdTests.m</string>
			<key>sourceTree</key>
			<string>&lt;group&gt;</string>
		</dict>
		<key>99986D661A06F16C001AA353</key>
		<dict>
			<key>fileRef</key>
			<string>99986D651A06F16C001AA353</string>
			<key>isa</key>
			<string>PBXBuildFile</string>
		</dict>
		<key>99986D671A06F16C001AA353</key>
		<dict>
			<key>buildSettings</key>
			<dict>
				<key>ALWAYS_SEARCH_USER_PATHS</key>
				<string>NO</string>
				<key>CLANG_CXX_LANGUAGE_STANDARD</key>
				<string>gnu++0x</string>
				<key>CLANG_CXX_LIBRARY</key>
				<string>libc++</string>
				<key>CLANG_ENABLE_MODULES</key>
				<string>YES</string>
				<key>CLANG_ENABLE_OBJC_ARC</key>
				<string>YES</string>
				<key>CLANG_WARN_BOOL_CONVERSION</key>
				<string>YES</string>
				<key>CLANG_WARN_CONSTANT_CONVERSION</key>
				<string>YES</string>
				<key>CLANG_WARN_DIRECT_OBJC_ISA_USAGE</key>
				<string>YES_ERROR</string>
				<key>CLANG_WARN_EMPTY_BODY</key>
				<string>YES</string>
				<key>CLANG_WARN_ENUM_CONVERSION</key>
				<string>YES</string>
				<key>CLANG_WARN_INT_CONVERSION</key>
				<string>YES</string>
				<key>CLANG_WARN_OBJC_ROOT_CLASS</key>
				<string>YES_ERROR</string>
				<key>CLANG_WARN_UNREACHABLE_CODE</key>
				<string>YES</string>
				<key>CLANG_WARN__DUPLICATE_METHOD_MATCH</key>
				<string>YES</string>
				<key>CODE_SIGN_IDENTITY</key>
				<string>iPhone Developer: Taylor Ledingham (6PU854NZ7J)</string>
				<key>CODE_SIGN_IDENTITY[sdk=iphoneos*]</key>
				<string>iPhone Developer: Taylor Ledingham (6PU854NZ7J)</string>
				<key>COPY_PHASE_STRIP</key>
				<string>NO</string>
				<key>ENABLE_STRICT_OBJC_MSGSEND</key>
				<string>YES</string>
				<key>GCC_C_LANGUAGE_STANDARD</key>
				<string>gnu99</string>
				<key>GCC_DYNAMIC_NO_PIC</key>
				<string>NO</string>
				<key>GCC_OPTIMIZATION_LEVEL</key>
				<string>0</string>
				<key>GCC_PREPROCESSOR_DEFINITIONS</key>
				<array>
					<string>DEBUG=1</string>
					<string>$(inherited)</string>
				</array>
				<key>GCC_SYMBOLS_PRIVATE_EXTERN</key>
				<string>NO</string>
				<key>GCC_WARN_64_TO_32_BIT_CONVERSION</key>
				<string>YES</string>
				<key>GCC_WARN_ABOUT_RETURN_TYPE</key>
				<string>YES_ERROR</string>
				<key>GCC_WARN_UNDECLARED_SELECTOR</key>
				<string>YES</string>
				<key>GCC_WARN_UNINITIALIZED_AUTOS</key>
				<string>YES_AGGRESSIVE</string>
				<key>GCC_WARN_UNUSED_FUNCTION</key>
				<string>YES</string>
				<key>GCC_WARN_UNUSED_VARIABLE</key>
				<string>YES</string>
				<key>IPHONEOS_DEPLOYMENT_TARGET</key>
				<string>8.1</string>
				<key>MTL_ENABLE_DEBUG_INFO</key>
				<string>YES</string>
				<key>ONLY_ACTIVE_ARCH</key>
				<string>YES</string>
				<key>PROVISIONING_PROFILE</key>
				<string>9aeea5b3-fcfc-4f09-8c2b-3efdcb46ec6d</string>
				<key>PROVISIONING_PROFILE[sdk=*]</key>
				<string>9aeea5b3-fcfc-4f09-8c2b-3efdcb46ec6d</string>
				<key>SDKROOT</key>
				<string>iphoneos</string>
			</dict>
			<key>isa</key>
			<string>XCBuildConfiguration</string>
			<key>name</key>
			<string>Debug</string>
		</dict>
		<key>99986D681A06F16C001AA353</key>
		<dict>
			<key>buildSettings</key>
			<dict>
				<key>ALWAYS_SEARCH_USER_PATHS</key>
				<string>NO</string>
				<key>CLANG_CXX_LANGUAGE_STANDARD</key>
				<string>gnu++0x</string>
				<key>CLANG_CXX_LIBRARY</key>
				<string>libc++</string>
				<key>CLANG_ENABLE_MODULES</key>
				<string>YES</string>
				<key>CLANG_ENABLE_OBJC_ARC</key>
				<string>YES</string>
				<key>CLANG_WARN_BOOL_CONVERSION</key>
				<string>YES</string>
				<key>CLANG_WARN_CONSTANT_CONVERSION</key>
				<string>YES</string>
				<key>CLANG_WARN_DIRECT_OBJC_ISA_USAGE</key>
				<string>YES_ERROR</string>
				<key>CLANG_WARN_EMPTY_BODY</key>
				<string>YES</string>
				<key>CLANG_WARN_ENUM_CONVERSION</key>
				<string>YES</string>
				<key>CLANG_WARN_INT_CONVERSION</key>
				<string>YES</string>
				<key>CLANG_WARN_OBJC_ROOT_CLASS</key>
				<string>YES_ERROR</string>
				<key>CLANG_WARN_UNREACHABLE_CODE</key>
				<string>YES</string>
				<key>CLANG_WARN__DUPLICATE_METHOD_MATCH</key>
				<string>YES</string>
				<key>CODE_SIGN_IDENTITY</key>
				<string>iPhone Developer: Taylor Ledingham (6PU854NZ7J)</string>
				<key>CODE_SIGN_IDENTITY[sdk=iphoneos*]</key>
				<string>iPhone Developer: Taylor Ledingham (6PU854NZ7J)</string>
				<key>COPY_PHASE_STRIP</key>
				<string>YES</string>
				<key>ENABLE_NS_ASSERTIONS</key>
				<string>NO</string>
				<key>ENABLE_STRICT_OBJC_MSGSEND</key>
				<string>YES</string>
				<key>GCC_C_LANGUAGE_STANDARD</key>
				<string>gnu99</string>
				<key>GCC_WARN_64_TO_32_BIT_CONVERSION</key>
				<string>YES</string>
				<key>GCC_WARN_ABOUT_RETURN_TYPE</key>
				<string>YES_ERROR</string>
				<key>GCC_WARN_UNDECLARED_SELECTOR</key>
				<string>YES</string>
				<key>GCC_WARN_UNINITIALIZED_AUTOS</key>
				<string>YES_AGGRESSIVE</string>
				<key>GCC_WARN_UNUSED_FUNCTION</key>
				<string>YES</string>
				<key>GCC_WARN_UNUSED_VARIABLE</key>
				<string>YES</string>
				<key>IPHONEOS_DEPLOYMENT_TARGET</key>
				<string>8.1</string>
				<key>MTL_ENABLE_DEBUG_INFO</key>
				<string>NO</string>
				<key>PROVISIONING_PROFILE</key>
				<string>9aeea5b3-fcfc-4f09-8c2b-3efdcb46ec6d</string>
				<key>SDKROOT</key>
				<string>iphoneos</string>
				<key>VALIDATE_PRODUCT</key>
				<string>YES</string>
			</dict>
			<key>isa</key>
			<string>XCBuildConfiguration</string>
			<key>name</key>
			<string>Release</string>
		</dict>
		<key>99986D691A06F16C001AA353</key>
		<dict>
			<key>buildConfigurations</key>
			<array>
				<string>99986D6A1A06F16C001AA353</string>
				<string>99986D6B1A06F16C001AA353</string>
			</array>
			<key>defaultConfigurationIsVisible</key>
			<string>0</string>
			<key>defaultConfigurationName</key>
			<string>Release</string>
			<key>isa</key>
			<string>XCConfigurationList</string>
		</dict>
		<key>99986D6A1A06F16C001AA353</key>
		<dict>
			<key>baseConfigurationReference</key>
			<string>D14E0F6D3353F44DF9710EC7</string>
			<key>buildSettings</key>
			<dict>
				<key>ASSETCATALOG_COMPILER_APPICON_NAME</key>
				<string>AppIcon</string>
				<key>CODE_SIGN_IDENTITY</key>
				<string>iPhone Developer</string>
				<key>CODE_SIGN_IDENTITY[sdk=iphoneos*]</key>
				<string>iPhone Developer: Taylor Ledingham (6PU854NZ7J)</string>
				<key>FRAMEWORK_SEARCH_PATHS</key>
				<array>
					<string>$(inherited)</string>
					<string>$(PROJECT_DIR)/SendABird</string>
					<string>$(PROJECT_DIR)/SendABird/FacebookSDK</string>
				</array>
				<key>INFOPLIST_FILE</key>
				<string>SendABird/Info.plist</string>
				<key>LD_RUNPATH_SEARCH_PATHS</key>
				<string>$(inherited) @executable_path/Frameworks</string>
				<key>PRODUCT_NAME</key>
				<string>$(TARGET_NAME)</string>
				<key>PROVISIONING_PROFILE</key>
				<string>9aeea5b3-fcfc-4f09-8c2b-3efdcb46ec6d</string>
			</dict>
			<key>isa</key>
			<string>XCBuildConfiguration</string>
			<key>name</key>
			<string>Debug</string>
		</dict>
		<key>99986D6B1A06F16C001AA353</key>
		<dict>
			<key>baseConfigurationReference</key>
			<string>1FC8AFD7341B19B0567E7621</string>
			<key>buildSettings</key>
			<dict>
				<key>ASSETCATALOG_COMPILER_APPICON_NAME</key>
				<string>AppIcon</string>
				<key>CODE_SIGN_IDENTITY</key>
				<string>iPhone Developer</string>
				<key>CODE_SIGN_IDENTITY[sdk=iphoneos*]</key>
				<string>iPhone Developer: Taylor Ledingham (6PU854NZ7J)</string>
				<key>FRAMEWORK_SEARCH_PATHS</key>
				<array>
					<string>$(inherited)</string>
					<string>$(PROJECT_DIR)/SendABird</string>
					<string>$(PROJECT_DIR)/SendABird/FacebookSDK</string>
				</array>
				<key>INFOPLIST_FILE</key>
				<string>SendABird/Info.plist</string>
				<key>LD_RUNPATH_SEARCH_PATHS</key>
				<string>$(inherited) @executable_path/Frameworks</string>
				<key>PRODUCT_NAME</key>
				<string>$(TARGET_NAME)</string>
				<key>PROVISIONING_PROFILE</key>
				<string>9aeea5b3-fcfc-4f09-8c2b-3efdcb46ec6d</string>
			</dict>
			<key>isa</key>
			<string>XCBuildConfiguration</string>
			<key>name</key>
			<string>Release</string>
		</dict>
		<key>99986D6C1A06F16C001AA353</key>
		<dict>
			<key>buildConfigurations</key>
			<array>
				<string>99986D6D1A06F16C001AA353</string>
				<string>99986D6E1A06F16C001AA353</string>
			</array>
			<key>defaultConfigurationIsVisible</key>
			<string>0</string>
			<key>defaultConfigurationName</key>
			<string>Release</string>
			<key>isa</key>
			<string>XCConfigurationList</string>
		</dict>
		<key>99986D6D1A06F16C001AA353</key>
		<dict>
			<key>buildSettings</key>
			<dict>
				<key>BUNDLE_LOADER</key>
				<string>$(TEST_HOST)</string>
				<key>CODE_SIGN_IDENTITY</key>
				<string>iPhone Developer</string>
				<key>CODE_SIGN_IDENTITY[sdk=iphoneos*]</key>
				<string>iPhone Developer</string>
				<key>FRAMEWORK_SEARCH_PATHS</key>
				<array>
					<string>$(SDKROOT)/Developer/Library/Frameworks</string>
					<string>$(inherited)</string>
				</array>
				<key>GCC_PREPROCESSOR_DEFINITIONS</key>
				<array>
					<string>DEBUG=1</string>
					<string>$(inherited)</string>
				</array>
				<key>INFOPLIST_FILE</key>
				<string>SendABirdTests/Info.plist</string>
				<key>LD_RUNPATH_SEARCH_PATHS</key>
				<string>$(inherited) @executable_path/Frameworks @loader_path/Frameworks</string>
				<key>PRODUCT_NAME</key>
				<string>$(TARGET_NAME)</string>
				<key>PROVISIONING_PROFILE</key>
				<string></string>
				<key>TEST_HOST</key>
				<string>$(BUILT_PRODUCTS_DIR)/SendABird.app/SendABird</string>
			</dict>
			<key>isa</key>
			<string>XCBuildConfiguration</string>
			<key>name</key>
			<string>Debug</string>
		</dict>
		<key>99986D6E1A06F16C001AA353</key>
		<dict>
			<key>buildSettings</key>
			<dict>
				<key>BUNDLE_LOADER</key>
				<string>$(TEST_HOST)</string>
				<key>CODE_SIGN_IDENTITY</key>
				<string>iPhone Developer</string>
				<key>CODE_SIGN_IDENTITY[sdk=iphoneos*]</key>
				<string>iPhone Developer</string>
				<key>FRAMEWORK_SEARCH_PATHS</key>
				<array>
					<string>$(SDKROOT)/Developer/Library/Frameworks</string>
					<string>$(inherited)</string>
				</array>
				<key>INFOPLIST_FILE</key>
				<string>SendABirdTests/Info.plist</string>
				<key>LD_RUNPATH_SEARCH_PATHS</key>
				<string>$(inherited) @executable_path/Frameworks @loader_path/Frameworks</string>
				<key>PRODUCT_NAME</key>
				<string>$(TARGET_NAME)</string>
				<key>PROVISIONING_PROFILE</key>
				<string></string>
				<key>TEST_HOST</key>
				<string>$(BUILT_PRODUCTS_DIR)/SendABird.app/SendABird</string>
			</dict>
			<key>isa</key>
			<string>XCBuildConfiguration</string>
			<key>name</key>
			<string>Release</string>
		</dict>
		<key>99986D6F1A0707E2001AA353</key>
		<dict>
			<key>fileEncoding</key>
			<string>4</string>
			<key>isa</key>
			<string>PBXFileReference</string>
			<key>lastKnownFileType</key>
			<string>sourcecode.c.h</string>
			<key>path</key>
			<string>InboxViewController.h</string>
			<key>sourceTree</key>
			<string>&lt;group&gt;</string>
		</dict>
		<key>99986D701A0707E2001AA353</key>
		<dict>
			<key>fileEncoding</key>
			<string>4</string>
			<key>isa</key>
			<string>PBXFileReference</string>
			<key>lastKnownFileType</key>
			<string>sourcecode.c.objc</string>
			<key>path</key>
			<string>InboxViewController.m</string>
			<key>sourceTree</key>
			<string>&lt;group&gt;</string>
		</dict>
		<key>99986D711A0707E2001AA353</key>
		<dict>
			<key>fileRef</key>
			<string>99986D701A0707E2001AA353</string>
			<key>isa</key>
			<string>PBXBuildFile</string>
		</dict>
		<key>99986D721A0707EA001AA353</key>
		<dict>
			<key>children</key>
			<array>
				<string>99C565001A085AFD0082549E</string>
				<string>99C564FF1A085AFD0082549E</string>
				<string>99C564FA1A08513B0082549E</string>
				<string>99C564FB1A08513B0082549E</string>
				<string>99986D9D1A07558B001AA353</string>
				<string>99986D9E1A07558B001AA353</string>
				<string>9082A3D01A08338B00488DE8</string>
				<string>9082A3D11A08338B00488DE8</string>
				<string>9082A3D21A08338B00488DE8</string>
				<string>9082A3D31A08338B00488DE8</string>
				<string>99986D6F1A0707E2001AA353</string>
				<string>99986D701A0707E2001AA353</string>
				<string>99D2A8221A09AF1B00CC2E32</string>
				<string>99D2A8231A09AF1B00CC2E32</string>
				<string>99986D941A071F56001AA353</string>
				<string>99986D951A071F56001AA353</string>
				<string>99986D971A071F70001AA353</string>
				<string>99986D981A071F70001AA353</string>
				<string>99986D9A1A0731D5001AA353</string>
				<string>99986D9B1A0731D5001AA353</string>
				<string>99986DA61A07F00B001AA353</string>
				<string>99986DA71A07F00B001AA353</string>
				<string>901739011A09408B00741F55</string>
				<string>901739021A09408B00741F55</string>
				<string>909CD4621A0976F5007B7A39</string>
				<string>909CD4631A0976F5007B7A39</string>
			</array>
			<key>isa</key>
			<string>PBXGroup</string>
			<key>name</key>
			<string>View Controllers</string>
			<key>sourceTree</key>
			<string>&lt;group&gt;</string>
		</dict>
		<key>99986D731A071C04001AA353</key>
		<dict>
			<key>isa</key>
			<string>PBXFileReference</string>
			<key>lastKnownFileType</key>
			<string>wrapper.framework</string>
			<key>path</key>
			<string>Bolts.framework</string>
			<key>sourceTree</key>
			<string>&lt;group&gt;</string>
		</dict>
		<key>99986D741A071C04001AA353</key>
		<dict>
			<key>isa</key>
			<string>PBXFileReference</string>
			<key>lastKnownFileType</key>
			<string>wrapper.framework</string>
			<key>path</key>
			<string>Parse.framework</string>
			<key>sourceTree</key>
			<string>&lt;group&gt;</string>
		</dict>
		<key>99986D751A071C04001AA353</key>
		<dict>
			<key>isa</key>
			<string>PBXFileReference</string>
			<key>lastKnownFileType</key>
			<string>wrapper.framework</string>
			<key>path</key>
			<string>ParseFacebookUtils.framework</string>
			<key>sourceTree</key>
			<string>&lt;group&gt;</string>
		</dict>
		<key>99986D761A071C04001AA353</key>
		<dict>
			<key>fileRef</key>
			<string>99986D731A071C04001AA353</string>
			<key>isa</key>
			<string>PBXBuildFile</string>
		</dict>
		<key>99986D771A071C04001AA353</key>
		<dict>
			<key>fileRef</key>
			<string>99986D741A071C04001AA353</string>
			<key>isa</key>
			<string>PBXBuildFile</string>
		</dict>
		<key>99986D781A071C04001AA353</key>
		<dict>
			<key>fileRef</key>
			<string>99986D751A071C04001AA353</string>
			<key>isa</key>
			<string>PBXBuildFile</string>
		</dict>
		<key>99986D791A071C0F001AA353</key>
		<dict>
			<key>children</key>
			<array>
				<string>99EA55291A096B2A00A66769</string>
				<string>99EA552A1A096B2A00A66769</string>
				<string>99986D7A1A071C43001AA353</string>
				<string>99986D901A071CCD001AA353</string>
				<string>99986D8E1A071CBF001AA353</string>
				<string>99986D8C1A071C80001AA353</string>
				<string>99986D8A1A071C78001AA353</string>
				<string>99986D731A071C04001AA353</string>
				<string>99986D881A071C72001AA353</string>
				<string>99986D861A071C6C001AA353</string>
				<string>99986D841A071C65001AA353</string>
				<string>99986D821A071C5F001AA353</string>
				<string>99986D921A071D5B001AA353</string>
				<string>99986D801A071C57001AA353</string>
				<string>99986D7E1A071C51001AA353</string>
				<string>99986D7C1A071C4A001AA353</string>
				<string>99C564FD1A08534C0082549E</string>
				<string>99986D741A071C04001AA353</string>
				<string>99986D751A071C04001AA353</string>
			</array>
			<key>isa</key>
			<string>PBXGroup</string>
			<key>name</key>
			<string>Frameworks</string>
			<key>sourceTree</key>
			<string>&lt;group&gt;</string>
		</dict>
		<key>99986D7A1A071C43001AA353</key>
		<dict>
			<key>isa</key>
			<string>PBXFileReference</string>
			<key>lastKnownFileType</key>
			<string>wrapper.framework</string>
			<key>name</key>
			<string>AudioToolbox.framework</string>
			<key>path</key>
			<string>System/Library/Frameworks/AudioToolbox.framework</string>
			<key>sourceTree</key>
			<string>SDKROOT</string>
		</dict>
		<key>99986D7B1A071C43001AA353</key>
		<dict>
			<key>fileRef</key>
			<string>99986D7A1A071C43001AA353</string>
			<key>isa</key>
			<string>PBXBuildFile</string>
		</dict>
		<key>99986D7C1A071C4A001AA353</key>
		<dict>
			<key>isa</key>
			<string>PBXFileReference</string>
			<key>lastKnownFileType</key>
			<string>wrapper.framework</string>
			<key>name</key>
			<string>CFNetwork.framework</string>
			<key>path</key>
			<string>System/Library/Frameworks/CFNetwork.framework</string>
			<key>sourceTree</key>
			<string>SDKROOT</string>
		</dict>
		<key>99986D7D1A071C4A001AA353</key>
		<dict>
			<key>fileRef</key>
			<string>99986D7C1A071C4A001AA353</string>
			<key>isa</key>
			<string>PBXBuildFile</string>
		</dict>
		<key>99986D7E1A071C51001AA353</key>
		<dict>
			<key>isa</key>
			<string>PBXFileReference</string>
			<key>lastKnownFileType</key>
			<string>wrapper.framework</string>
			<key>name</key>
			<string>CoreGraphics.framework</string>
			<key>path</key>
			<string>System/Library/Frameworks/CoreGraphics.framework</string>
			<key>sourceTree</key>
			<string>SDKROOT</string>
		</dict>
		<key>99986D7F1A071C51001AA353</key>
		<dict>
			<key>fileRef</key>
			<string>99986D7E1A071C51001AA353</string>
			<key>isa</key>
			<string>PBXBuildFile</string>
		</dict>
		<key>99986D801A071C57001AA353</key>
		<dict>
			<key>isa</key>
			<string>PBXFileReference</string>
			<key>lastKnownFileType</key>
			<string>wrapper.framework</string>
			<key>name</key>
			<string>CoreLocation.framework</string>
			<key>path</key>
			<string>System/Library/Frameworks/CoreLocation.framework</string>
			<key>sourceTree</key>
			<string>SDKROOT</string>
		</dict>
		<key>99986D811A071C57001AA353</key>
		<dict>
			<key>fileRef</key>
			<string>99986D801A071C57001AA353</string>
			<key>isa</key>
			<string>PBXBuildFile</string>
		</dict>
		<key>99986D821A071C5F001AA353</key>
		<dict>
			<key>isa</key>
			<string>PBXFileReference</string>
			<key>lastKnownFileType</key>
			<string>compiled.mach-o.dylib</string>
			<key>name</key>
			<string>libz.1.1.3.dylib</string>
			<key>path</key>
			<string>usr/lib/libz.1.1.3.dylib</string>
			<key>sourceTree</key>
			<string>SDKROOT</string>
		</dict>
		<key>99986D831A071C5F001AA353</key>
		<dict>
			<key>fileRef</key>
			<string>99986D821A071C5F001AA353</string>
			<key>isa</key>
			<string>PBXBuildFile</string>
		</dict>
		<key>99986D841A071C65001AA353</key>
		<dict>
			<key>isa</key>
			<string>PBXFileReference</string>
			<key>lastKnownFileType</key>
			<string>wrapper.framework</string>
			<key>name</key>
			<string>MobileCoreServices.framework</string>
			<key>path</key>
			<string>System/Library/Frameworks/MobileCoreServices.framework</string>
			<key>sourceTree</key>
			<string>SDKROOT</string>
		</dict>
		<key>99986D851A071C65001AA353</key>
		<dict>
			<key>fileRef</key>
			<string>99986D841A071C65001AA353</string>
			<key>isa</key>
			<string>PBXBuildFile</string>
		</dict>
		<key>99986D861A071C6C001AA353</key>
		<dict>
			<key>isa</key>
			<string>PBXFileReference</string>
			<key>lastKnownFileType</key>
			<string>wrapper.framework</string>
			<key>name</key>
			<string>QuartzCore.framework</string>
			<key>path</key>
			<string>System/Library/Frameworks/QuartzCore.framework</string>
			<key>sourceTree</key>
			<string>SDKROOT</string>
		</dict>
		<key>99986D871A071C6C001AA353</key>
		<dict>
			<key>fileRef</key>
			<string>99986D861A071C6C001AA353</string>
			<key>isa</key>
			<string>PBXBuildFile</string>
		</dict>
		<key>99986D881A071C72001AA353</key>
		<dict>
			<key>isa</key>
			<string>PBXFileReference</string>
			<key>lastKnownFileType</key>
			<string>wrapper.framework</string>
			<key>name</key>
			<string>Security.framework</string>
			<key>path</key>
			<string>System/Library/Frameworks/Security.framework</string>
			<key>sourceTree</key>
			<string>SDKROOT</string>
		</dict>
		<key>99986D891A071C72001AA353</key>
		<dict>
			<key>fileRef</key>
			<string>99986D881A071C72001AA353</string>
			<key>isa</key>
			<string>PBXBuildFile</string>
		</dict>
		<key>99986D8A1A071C78001AA353</key>
		<dict>
			<key>isa</key>
			<string>PBXFileReference</string>
			<key>lastKnownFileType</key>
			<string>wrapper.framework</string>
			<key>name</key>
			<string>StoreKit.framework</string>
			<key>path</key>
			<string>System/Library/Frameworks/StoreKit.framework</string>
			<key>sourceTree</key>
			<string>SDKROOT</string>
		</dict>
		<key>99986D8B1A071C78001AA353</key>
		<dict>
			<key>fileRef</key>
			<string>99986D8A1A071C78001AA353</string>
			<key>isa</key>
			<string>PBXBuildFile</string>
		</dict>
		<key>99986D8C1A071C80001AA353</key>
		<dict>
			<key>isa</key>
			<string>PBXFileReference</string>
			<key>lastKnownFileType</key>
			<string>wrapper.framework</string>
			<key>name</key>
			<string>SystemConfiguration.framework</string>
			<key>path</key>
			<string>System/Library/Frameworks/SystemConfiguration.framework</string>
			<key>sourceTree</key>
			<string>SDKROOT</string>
		</dict>
		<key>99986D8D1A071C80001AA353</key>
		<dict>
			<key>fileRef</key>
			<string>99986D8C1A071C80001AA353</string>
			<key>isa</key>
			<string>PBXBuildFile</string>
		</dict>
		<key>99986D8E1A071CBF001AA353</key>
		<dict>
			<key>isa</key>
			<string>PBXFileReference</string>
			<key>lastKnownFileType</key>
			<string>wrapper.framework</string>
			<key>name</key>
			<string>Foundation.framework</string>
			<key>path</key>
			<string>System/Library/Frameworks/Foundation.framework</string>
			<key>sourceTree</key>
			<string>SDKROOT</string>
		</dict>
		<key>99986D8F1A071CBF001AA353</key>
		<dict>
			<key>fileRef</key>
			<string>99986D8E1A071CBF001AA353</string>
			<key>isa</key>
			<string>PBXBuildFile</string>
		</dict>
		<key>99986D901A071CCD001AA353</key>
		<dict>
			<key>isa</key>
			<string>PBXFileReference</string>
			<key>lastKnownFileType</key>
			<string>wrapper.framework</string>
			<key>name</key>
			<string>UIKit.framework</string>
			<key>path</key>
			<string>System/Library/Frameworks/UIKit.framework</string>
			<key>sourceTree</key>
			<string>SDKROOT</string>
		</dict>
		<key>99986D911A071CCD001AA353</key>
		<dict>
			<key>fileRef</key>
			<string>99986D901A071CCD001AA353</string>
			<key>isa</key>
			<string>PBXBuildFile</string>
		</dict>
		<key>99986D921A071D5B001AA353</key>
		<dict>
			<key>isa</key>
			<string>PBXFileReference</string>
			<key>lastKnownFileType</key>
			<string>compiled.mach-o.dylib</string>
			<key>name</key>
			<string>libz.dylib</string>
			<key>path</key>
			<string>usr/lib/libz.dylib</string>
			<key>sourceTree</key>
			<string>SDKROOT</string>
		</dict>
		<key>99986D931A071D5B001AA353</key>
		<dict>
			<key>fileRef</key>
			<string>99986D921A071D5B001AA353</string>
			<key>isa</key>
			<string>PBXBuildFile</string>
		</dict>
		<key>99986D941A071F56001AA353</key>
		<dict>
			<key>fileEncoding</key>
			<string>4</string>
			<key>isa</key>
			<string>PBXFileReference</string>
			<key>lastKnownFileType</key>
			<string>sourcecode.c.h</string>
			<key>name</key>
			<string>LoginViewController.h</string>
			<key>path</key>
			<string>../LoginViewController.h</string>
			<key>sourceTree</key>
			<string>&lt;group&gt;</string>
		</dict>
		<key>99986D951A071F56001AA353</key>
		<dict>
			<key>fileEncoding</key>
			<string>4</string>
			<key>isa</key>
			<string>PBXFileReference</string>
			<key>lastKnownFileType</key>
			<string>sourcecode.c.objc</string>
			<key>name</key>
			<string>LoginViewController.m</string>
			<key>path</key>
			<string>../LoginViewController.m</string>
			<key>sourceTree</key>
			<string>&lt;group&gt;</string>
		</dict>
		<key>99986D961A071F56001AA353</key>
		<dict>
			<key>fileRef</key>
			<string>99986D951A071F56001AA353</string>
			<key>isa</key>
			<string>PBXBuildFile</string>
		</dict>
		<key>99986D971A071F70001AA353</key>
		<dict>
			<key>fileEncoding</key>
			<string>4</string>
			<key>isa</key>
			<string>PBXFileReference</string>
			<key>lastKnownFileType</key>
			<string>sourcecode.c.h</string>
			<key>name</key>
			<string>SignupViewController.h</string>
			<key>path</key>
			<string>../SignupViewController.h</string>
			<key>sourceTree</key>
			<string>&lt;group&gt;</string>
		</dict>
		<key>99986D981A071F70001AA353</key>
		<dict>
			<key>fileEncoding</key>
			<string>4</string>
			<key>isa</key>
			<string>PBXFileReference</string>
			<key>lastKnownFileType</key>
			<string>sourcecode.c.objc</string>
			<key>name</key>
			<string>SignupViewController.m</string>
			<key>path</key>
			<string>../SignupViewController.m</string>
			<key>sourceTree</key>
			<string>&lt;group&gt;</string>
		</dict>
		<key>99986D991A071F70001AA353</key>
		<dict>
			<key>fileRef</key>
			<string>99986D981A071F70001AA353</string>
			<key>isa</key>
			<string>PBXBuildFile</string>
		</dict>
		<key>99986D9A1A0731D5001AA353</key>
		<dict>
			<key>fileEncoding</key>
			<string>4</string>
			<key>isa</key>
			<string>PBXFileReference</string>
			<key>lastKnownFileType</key>
			<string>sourcecode.c.h</string>
			<key>name</key>
			<string>EditProfileViewController.h</string>
			<key>path</key>
			<string>../EditProfileViewController.h</string>
			<key>sourceTree</key>
			<string>&lt;group&gt;</string>
		</dict>
		<key>99986D9B1A0731D5001AA353</key>
		<dict>
			<key>fileEncoding</key>
			<string>4</string>
			<key>isa</key>
			<string>PBXFileReference</string>
			<key>lastKnownFileType</key>
			<string>sourcecode.c.objc</string>
			<key>name</key>
			<string>EditProfileViewController.m</string>
			<key>path</key>
			<string>../EditProfileViewController.m</string>
			<key>sourceTree</key>
			<string>&lt;group&gt;</string>
		</dict>
		<key>99986D9C1A0731D5001AA353</key>
		<dict>
			<key>fileRef</key>
			<string>99986D9B1A0731D5001AA353</string>
			<key>isa</key>
			<string>PBXBuildFile</string>
		</dict>
		<key>99986D9D1A07558B001AA353</key>
		<dict>
			<key>fileEncoding</key>
			<string>4</string>
			<key>isa</key>
			<string>PBXFileReference</string>
			<key>lastKnownFileType</key>
			<string>sourcecode.c.h</string>
			<key>path</key>
			<string>AddFriendViewController.h</string>
			<key>sourceTree</key>
			<string>&lt;group&gt;</string>
		</dict>
		<key>99986D9E1A07558B001AA353</key>
		<dict>
			<key>fileEncoding</key>
			<string>4</string>
			<key>isa</key>
			<string>PBXFileReference</string>
			<key>lastKnownFileType</key>
			<string>sourcecode.c.objc</string>
			<key>path</key>
			<string>AddFriendViewController.m</string>
			<key>sourceTree</key>
			<string>&lt;group&gt;</string>
		</dict>
		<key>99986D9F1A07558B001AA353</key>
		<dict>
			<key>fileRef</key>
			<string>99986D9E1A07558B001AA353</string>
			<key>isa</key>
			<string>PBXBuildFile</string>
		</dict>
		<key>99986DA31A07680E001AA353</key>
		<dict>
			<key>fileEncoding</key>
			<string>4</string>
			<key>isa</key>
			<string>PBXFileReference</string>
			<key>lastKnownFileType</key>
			<string>sourcecode.c.h</string>
			<key>name</key>
			<string>SearchFriendCell.h</string>
			<key>path</key>
			<string>../SearchFriendCell.h</string>
			<key>sourceTree</key>
			<string>&lt;group&gt;</string>
		</dict>
		<key>99986DA41A07680E001AA353</key>
		<dict>
			<key>fileEncoding</key>
			<string>4</string>
			<key>isa</key>
			<string>PBXFileReference</string>
			<key>lastKnownFileType</key>
			<string>sourcecode.c.objc</string>
			<key>name</key>
			<string>SearchFriendCell.m</string>
			<key>path</key>
			<string>../SearchFriendCell.m</string>
			<key>sourceTree</key>
			<string>&lt;group&gt;</string>
		</dict>
		<key>99986DA51A07680E001AA353</key>
		<dict>
			<key>fileRef</key>
			<string>99986DA41A07680E001AA353</string>
			<key>isa</key>
			<string>PBXBuildFile</string>
		</dict>
		<key>99986DA61A07F00B001AA353</key>
		<dict>
			<key>fileEncoding</key>
			<string>4</string>
			<key>isa</key>
			<string>PBXFileReference</string>
			<key>lastKnownFileType</key>
			<string>sourcecode.c.h</string>
			<key>name</key>
			<string>ComposeViewController.h</string>
			<key>path</key>
			<string>../ComposeViewController.h</string>
			<key>sourceTree</key>
			<string>&lt;group&gt;</string>
		</dict>
		<key>99986DA71A07F00B001AA353</key>
		<dict>
			<key>fileEncoding</key>
			<string>4</string>
			<key>isa</key>
			<string>PBXFileReference</string>
			<key>lastKnownFileType</key>
			<string>sourcecode.c.objc</string>
			<key>name</key>
			<string>ComposeViewController.m</string>
			<key>path</key>
			<string>../ComposeViewController.m</string>
			<key>sourceTree</key>
			<string>&lt;group&gt;</string>
		</dict>
		<key>99986DA81A07F00B001AA353</key>
		<dict>
			<key>fileRef</key>
			<string>99986DA71A07F00B001AA353</string>
			<key>isa</key>
			<string>PBXBuildFile</string>
		</dict>
		<key>99C564FA1A08513B0082549E</key>
		<dict>
			<key>fileEncoding</key>
			<string>4</string>
			<key>isa</key>
			<string>PBXFileReference</string>
			<key>lastKnownFileType</key>
			<string>sourcecode.c.h</string>
			<key>path</key>
			<string>FriendsViewController.h</string>
			<key>sourceTree</key>
			<string>&lt;group&gt;</string>
		</dict>
		<key>99C564FB1A08513B0082549E</key>
		<dict>
			<key>fileEncoding</key>
			<string>4</string>
			<key>isa</key>
			<string>PBXFileReference</string>
			<key>lastKnownFileType</key>
			<string>sourcecode.c.objc</string>
			<key>path</key>
			<string>FriendsViewController.m</string>
			<key>sourceTree</key>
			<string>&lt;group&gt;</string>
		</dict>
		<key>99C564FC1A08513B0082549E</key>
		<dict>
			<key>fileRef</key>
			<string>99C564FB1A08513B0082549E</string>
			<key>isa</key>
			<string>PBXBuildFile</string>
		</dict>
		<key>99C564FD1A08534C0082549E</key>
		<dict>
			<key>isa</key>
			<string>PBXFileReference</string>
			<key>lastKnownFileType</key>
			<string>wrapper.framework</string>
			<key>name</key>
			<string>FacebookSDK.framework</string>
			<key>path</key>
			<string>FacebookSDK/FacebookSDK.framework</string>
			<key>sourceTree</key>
			<string>&lt;group&gt;</string>
		</dict>
		<key>99C564FE1A08534C0082549E</key>
		<dict>
			<key>fileRef</key>
			<string>99C564FD1A08534C0082549E</string>
			<key>isa</key>
			<string>PBXBuildFile</string>
		</dict>
		<key>99C564FF1A085AFD0082549E</key>
		<dict>
			<key>fileEncoding</key>
			<string>4</string>
			<key>isa</key>
			<string>PBXFileReference</string>
			<key>lastKnownFileType</key>
			<string>sourcecode.c.h</string>
			<key>name</key>
			<string>SABTabBarController.h</string>
			<key>path</key>
			<string>../SABTabBarController.h</string>
			<key>sourceTree</key>
			<string>&lt;group&gt;</string>
		</dict>
		<key>99C565001A085AFD0082549E</key>
		<dict>
			<key>fileEncoding</key>
			<string>4</string>
			<key>isa</key>
			<string>PBXFileReference</string>
			<key>lastKnownFileType</key>
			<string>sourcecode.c.objc</string>
			<key>name</key>
			<string>SABTabBarController.m</string>
			<key>path</key>
			<string>../SABTabBarController.m</string>
			<key>sourceTree</key>
			<string>&lt;group&gt;</string>
		</dict>
		<key>99C565011A085AFD0082549E</key>
		<dict>
			<key>fileRef</key>
			<string>99C565001A085AFD0082549E</string>
			<key>isa</key>
			<string>PBXBuildFile</string>
		</dict>
		<key>99C565041A08729F0082549E</key>
		<dict>
			<key>fileEncoding</key>
			<string>4</string>
			<key>isa</key>
			<string>PBXFileReference</string>
			<key>lastKnownFileType</key>
			<string>file.storyboard</string>
			<key>name</key>
			<string>FriendsStoryboard.storyboard</string>
			<key>path</key>
			<string>../FriendsStoryboard.storyboard</string>
			<key>sourceTree</key>
			<string>&lt;group&gt;</string>
		</dict>
		<key>99C565051A08729F0082549E</key>
		<dict>
			<key>fileRef</key>
			<string>99C565041A08729F0082549E</string>
			<key>isa</key>
			<string>PBXBuildFile</string>
		</dict>
		<key>99C565081A0872B10082549E</key>
		<dict>
			<key>fileEncoding</key>
			<string>4</string>
			<key>isa</key>
			<string>PBXFileReference</string>
			<key>lastKnownFileType</key>
			<string>file.storyboard</string>
			<key>name</key>
			<string>SentStoryboard.storyboard</string>
			<key>path</key>
			<string>../SentStoryboard.storyboard</string>
			<key>sourceTree</key>
			<string>&lt;group&gt;</string>
		</dict>
		<key>99C565091A0872B10082549E</key>
		<dict>
			<key>fileRef</key>
			<string>99C565081A0872B10082549E</string>
			<key>isa</key>
			<string>PBXBuildFile</string>
		</dict>
		<key>99C5650A1A0872B90082549E</key>
		<dict>
			<key>fileEncoding</key>
			<string>4</string>
			<key>isa</key>
			<string>PBXFileReference</string>
			<key>lastKnownFileType</key>
			<string>file.storyboard</string>
			<key>name</key>
			<string>ProfileStoryboard.storyboard</string>
			<key>path</key>
			<string>../ProfileStoryboard.storyboard</string>
			<key>sourceTree</key>
			<string>&lt;group&gt;</string>
		</dict>
		<key>99C5650B1A0872B90082549E</key>
		<dict>
			<key>fileRef</key>
			<string>99C5650A1A0872B90082549E</string>
			<key>isa</key>
			<string>PBXBuildFile</string>
		</dict>
		<key>99C5650C1A0872C50082549E</key>
		<dict>
			<key>children</key>
			<array>
				<string>99EA552D1A097CF000A66769</string>
				<string>99C5650A1A0872B90082549E</string>
				<string>99C565081A0872B10082549E</string>
				<string>99C565041A08729F0082549E</string>
				<string>99C5650D1A0873EC0082549E</string>
				<string>99C5650E1A0873EC0082549E</string>
				<string>99C565101A087B6C0082549E</string>
				<string>99C565111A087B6C0082549E</string>
				<string>99C565131A08814F0082549E</string>
				<string>99C565141A08814F0082549E</string>
				<string>99C565161A08828C0082549E</string>
				<string>99C565171A08828C0082549E</string>
			</array>
			<key>isa</key>
			<string>PBXGroup</string>
			<key>name</key>
			<string>Storyboards</string>
			<key>sourceTree</key>
			<string>&lt;group&gt;</string>
		</dict>
		<key>99C5650D1A0873EC0082549E</key>
		<dict>
			<key>fileEncoding</key>
			<string>4</string>
			<key>isa</key>
			<string>PBXFileReference</string>
			<key>lastKnownFileType</key>
			<string>sourcecode.c.h</string>
			<key>name</key>
			<string>LoadStoryboardProfileViewController.h</string>
			<key>path</key>
			<string>../LoadStoryboardProfileViewController.h</string>
			<key>sourceTree</key>
			<string>&lt;group&gt;</string>
		</dict>
		<key>99C5650E1A0873EC0082549E</key>
		<dict>
			<key>fileEncoding</key>
			<string>4</string>
			<key>isa</key>
			<string>PBXFileReference</string>
			<key>lastKnownFileType</key>
			<string>sourcecode.c.objc</string>
			<key>name</key>
			<string>LoadStoryboardProfileViewController.m</string>
			<key>path</key>
			<string>../LoadStoryboardProfileViewController.m</string>
			<key>sourceTree</key>
			<string>&lt;group&gt;</string>
		</dict>
		<key>99C5650F1A0873EC0082549E</key>
		<dict>
			<key>fileRef</key>
			<string>99C5650E1A0873EC0082549E</string>
			<key>isa</key>
			<string>PBXBuildFile</string>
		</dict>
		<key>99C565101A087B6C0082549E</key>
		<dict>
			<key>fileEncoding</key>
			<string>4</string>
			<key>isa</key>
			<string>PBXFileReference</string>
			<key>lastKnownFileType</key>
			<string>sourcecode.c.h</string>
			<key>path</key>
			<string>LoadStoryboardIndexViewController.h</string>
			<key>sourceTree</key>
			<string>&lt;group&gt;</string>
		</dict>
		<key>99C565111A087B6C0082549E</key>
		<dict>
			<key>fileEncoding</key>
			<string>4</string>
			<key>isa</key>
			<string>PBXFileReference</string>
			<key>lastKnownFileType</key>
			<string>sourcecode.c.objc</string>
			<key>path</key>
			<string>LoadStoryboardIndexViewController.m</string>
			<key>sourceTree</key>
			<string>&lt;group&gt;</string>
		</dict>
		<key>99C565121A087B6C0082549E</key>
		<dict>
			<key>fileRef</key>
			<string>99C565111A087B6C0082549E</string>
			<key>isa</key>
			<string>PBXBuildFile</string>
		</dict>
		<key>99C565131A08814F0082549E</key>
		<dict>
			<key>fileEncoding</key>
			<string>4</string>
			<key>isa</key>
			<string>PBXFileReference</string>
			<key>lastKnownFileType</key>
			<string>sourcecode.c.h</string>
			<key>name</key>
			<string>LoadStoryboardSentViewController.h</string>
			<key>path</key>
			<string>../LoadStoryboardSentViewController.h</string>
			<key>sourceTree</key>
			<string>&lt;group&gt;</string>
		</dict>
		<key>99C565141A08814F0082549E</key>
		<dict>
			<key>fileEncoding</key>
			<string>4</string>
			<key>isa</key>
			<string>PBXFileReference</string>
			<key>lastKnownFileType</key>
			<string>sourcecode.c.objc</string>
			<key>name</key>
			<string>LoadStoryboardSentViewController.m</string>
			<key>path</key>
			<string>../LoadStoryboardSentViewController.m</string>
			<key>sourceTree</key>
			<string>&lt;group&gt;</string>
		</dict>
		<key>99C565151A08814F0082549E</key>
		<dict>
			<key>fileRef</key>
			<string>99C565141A08814F0082549E</string>
			<key>isa</key>
			<string>PBXBuildFile</string>
		</dict>
		<key>99C565161A08828C0082549E</key>
		<dict>
			<key>fileEncoding</key>
			<string>4</string>
			<key>isa</key>
			<string>PBXFileReference</string>
			<key>lastKnownFileType</key>
			<string>sourcecode.c.h</string>
			<key>name</key>
			<string>LoadStoryboardFriendsViewController.h</string>
			<key>path</key>
			<string>../LoadStoryboardFriendsViewController.h</string>
			<key>sourceTree</key>
			<string>&lt;group&gt;</string>
		</dict>
		<key>99C565171A08828C0082549E</key>
		<dict>
			<key>fileEncoding</key>
			<string>4</string>
			<key>isa</key>
			<string>PBXFileReference</string>
			<key>lastKnownFileType</key>
			<string>sourcecode.c.objc</string>
			<key>name</key>
			<string>LoadStoryboardFriendsViewController.m</string>
			<key>path</key>
			<string>../LoadStoryboardFriendsViewController.m</string>
			<key>sourceTree</key>
			<string>&lt;group&gt;</string>
		</dict>
		<key>99C565181A08828C0082549E</key>
		<dict>
			<key>fileRef</key>
			<string>99C565171A08828C0082549E</string>
			<key>isa</key>
			<string>PBXBuildFile</string>
		</dict>
		<key>99C5651A1A08A0B70082549E</key>
		<dict>
			<key>fileEncoding</key>
			<string>4</string>
			<key>isa</key>
			<string>PBXFileReference</string>
			<key>lastKnownFileType</key>
			<string>sourcecode.c.h</string>
			<key>path</key>
			<string>FriendCell.h</string>
			<key>sourceTree</key>
			<string>&lt;group&gt;</string>
		</dict>
		<key>99C5651B1A08A0B70082549E</key>
		<dict>
			<key>fileEncoding</key>
			<string>4</string>
			<key>isa</key>
			<string>PBXFileReference</string>
			<key>lastKnownFileType</key>
			<string>sourcecode.c.objc</string>
			<key>path</key>
			<string>FriendCell.m</string>
			<key>sourceTree</key>
			<string>&lt;group&gt;</string>
		</dict>
		<key>99C5651C1A08A0B70082549E</key>
		<dict>
			<key>fileRef</key>
			<string>99C5651B1A08A0B70082549E</string>
			<key>isa</key>
			<string>PBXBuildFile</string>
		</dict>
		<key>99D2A81F1A09913200CC2E32</key>
		<dict>
			<key>fileEncoding</key>
			<string>4</string>
			<key>isa</key>
			<string>PBXFileReference</string>
			<key>lastKnownFileType</key>
			<string>sourcecode.c.h</string>
			<key>name</key>
			<string>InboxMessageCell.h</string>
			<key>path</key>
			<string>../InboxMessageCell.h</string>
			<key>sourceTree</key>
			<string>&lt;group&gt;</string>
		</dict>
		<key>99D2A8201A09913200CC2E32</key>
		<dict>
			<key>fileEncoding</key>
			<string>4</string>
			<key>isa</key>
			<string>PBXFileReference</string>
			<key>lastKnownFileType</key>
			<string>sourcecode.c.objc</string>
			<key>name</key>
			<string>InboxMessageCell.m</string>
			<key>path</key>
			<string>../InboxMessageCell.m</string>
			<key>sourceTree</key>
			<string>&lt;group&gt;</string>
		</dict>
		<key>99D2A8211A09913200CC2E32</key>
		<dict>
			<key>fileRef</key>
			<string>99D2A8201A09913200CC2E32</string>
			<key>isa</key>
			<string>PBXBuildFile</string>
		</dict>
		<key>99D2A8221A09AF1B00CC2E32</key>
		<dict>
			<key>fileEncoding</key>
			<string>4</string>
			<key>isa</key>
			<string>PBXFileReference</string>
			<key>lastKnownFileType</key>
			<string>sourcecode.c.h</string>
			<key>path</key>
			<string>InboxDetailViewController.h</string>
			<key>sourceTree</key>
			<string>&lt;group&gt;</string>
		</dict>
		<key>99D2A8231A09AF1B00CC2E32</key>
		<dict>
			<key>fileEncoding</key>
			<string>4</string>
			<key>isa</key>
			<string>PBXFileReference</string>
			<key>lastKnownFileType</key>
			<string>sourcecode.c.objc</string>
			<key>path</key>
			<string>InboxDetailViewController.m</string>
			<key>sourceTree</key>
			<string>&lt;group&gt;</string>
		</dict>
		<key>99D2A8241A09AF1B00CC2E32</key>
		<dict>
			<key>fileRef</key>
			<string>99D2A8231A09AF1B00CC2E32</string>
			<key>isa</key>
			<string>PBXBuildFile</string>
		</dict>
		<key>99EA55291A096B2A00A66769</key>
		<dict>
			<key>isa</key>
			<string>PBXFileReference</string>
			<key>lastKnownFileType</key>
			<string>wrapper.framework</string>
			<key>name</key>
			<string>AddressBook.framework</string>
			<key>path</key>
			<string>System/Library/Frameworks/AddressBook.framework</string>
			<key>sourceTree</key>
			<string>SDKROOT</string>
		</dict>
		<key>99EA552A1A096B2A00A66769</key>
		<dict>
			<key>isa</key>
			<string>PBXFileReference</string>
			<key>lastKnownFileType</key>
			<string>wrapper.framework</string>
			<key>name</key>
			<string>AddressBookUI.framework</string>
			<key>path</key>
			<string>System/Library/Frameworks/AddressBookUI.framework</string>
			<key>sourceTree</key>
			<string>SDKROOT</string>
		</dict>
		<key>99EA552B1A096B2A00A66769</key>
		<dict>
			<key>fileRef</key>
			<string>99EA55291A096B2A00A66769</string>
			<key>isa</key>
			<string>PBXBuildFile</string>
		</dict>
		<key>99EA552C1A096B2A00A66769</key>
		<dict>
			<key>fileRef</key>
			<string>99EA552A1A096B2A00A66769</string>
			<key>isa</key>
			<string>PBXBuildFile</string>
		</dict>
		<key>99EA552D1A097CF000A66769</key>
		<dict>
			<key>fileEncoding</key>
			<string>4</string>
			<key>isa</key>
			<string>PBXFileReference</string>
			<key>lastKnownFileType</key>
			<string>file.storyboard</string>
			<key>path</key>
			<string>IndexStoryboard.storyboard</string>
			<key>sourceTree</key>
			<string>&lt;group&gt;</string>
		</dict>
		<key>99EA552E1A097CF000A66769</key>
		<dict>
			<key>fileRef</key>
			<string>99EA552D1A097CF000A66769</string>
			<key>isa</key>
			<string>PBXBuildFile</string>
		</dict>
		<key>D14E0F6D3353F44DF9710EC7</key>
		<dict>
			<key>includeInIndex</key>
			<string>1</string>
			<key>isa</key>
			<string>PBXFileReference</string>
			<key>lastKnownFileType</key>
			<string>text.xcconfig</string>
			<key>name</key>
			<string>Pods.debug.xcconfig</string>
			<key>path</key>
			<string>Pods/Target Support Files/Pods/Pods.debug.xcconfig</string>
			<key>sourceTree</key>
			<string>&lt;group&gt;</string>
		</dict>
		<key>D95E76A294D5714968B6A07B</key>
		<dict>
			<key>children</key>
			<array>
				<string>D14E0F6D3353F44DF9710EC7</string>
				<string>1FC8AFD7341B19B0567E7621</string>
			</array>
			<key>isa</key>
			<string>PBXGroup</string>
			<key>name</key>
			<string>Pods</string>
			<key>sourceTree</key>
			<string>&lt;group&gt;</string>
		</dict>
		<key>E7C567E3E8ACDA3530CCCD5D</key>
		<dict>
			<key>children</key>
			<array>
				<string>1EE4F4D75D23F321C268B6AF</string>
			</array>
			<key>isa</key>
			<string>PBXGroup</string>
			<key>name</key>
			<string>Frameworks</string>
			<key>sourceTree</key>
			<string>&lt;group&gt;</string>
		</dict>
	</dict>
	<key>rootObject</key>
	<string>99986D3E1A06F16C001AA353</string>
</dict>
</plist>
